github.com/DanielRenne/GoCore/core/extensions v0.0.0-20230512224548-5dab4387b99a h1:zvcHsqjuOsyDsHWgCSbe5VEMBOLkNmtPQv2wPDP2i8Y=
github.com/DanielRenne/GoCore/core/extensions v0.0.0-20230512224548-5dab4387b99a/go.mod h1:KC6J3IX9FKk4+tYJGmZRAslBdpws22xf9PI5gTWYYFU=
github.com/DanielRenne/GoCore/core/logger v0.0.0-20230512224548-5dab4387b99a h1:Bz96zol+Ud37Qymdm9bJmsUt9Hb8FRVhD61P9AmwEME=
github.com/DanielRenne/GoCore/core/logger v0.0.0-20230512224548-5dab4387b99a/go.mod h1:T0p1G60njjddeW3/YniYB/kxXet3lZ45UoS17vccE6E=
github.com/DanielRenne/GoCore/core/path v0.0.0-20230702111012-e8adc1b35e5a h1:Mt4po1sYpcFDu3lqKUkRBYILRAfOL6F00GrEcFxuZgA=
github.com/DanielRenne/GoCore/core/path v0.0.0-20230702111012-e8adc1b35e5a/go.mod h1:/xvJ8xSQDvZ7UuUymCjIwKlJwvWmpjz9IvkmY3RPvCk=
github.com/DanielRenne/GoCore/core/serverSettings v0.0.0-20230512224548-5dab4387b99a h1:B5ft91xzL1ifnzAC/vKqXSSc3EBPi3X5jrXkQeoKTt4=
github.com/DanielRenne/GoCore/core/serverSettings v0.0.0-20230512224548-5dab4387b99a/go.mod h1:EgEn07rpoZ4hH7AI3NJf2x6bwfvkkW6rSR1shfMScj4=
github.com/DanielRenne/GoCore/core/utils v0.0.0-20230512224548-5dab4387b99a h1:jMWFLOOBibmIIr1zdL+r/jg38YbXPRFhjPMOcicQV5s=
github.com/DanielRenne/GoCore/core/utils v0.0.0-20230512224548-5dab4387b99a/go.mod h1:wdfh2nZuYWldteaNKj24gDIKOpu9UAv4C2seiKxcHkY=
github.com/fatih/color v1.15.0 h1:kOqh6YHBtK8aywxGerMG2Eq3H6Qgoqeo13Bk2Mv/nBs=
github.com/fatih/color v1.15.0/go.mod h1:0h5ZqXfHYED7Bhv2ZJamyIOUej9KtShiJESRwBDUSsw=
github.com/forPelevin/gomoji v1.1.8 h1:JElzDdt0TyiUlecy6PfITDL6eGvIaxqYH1V52zrd0qQ=
github.com/forPelevin/gomoji v1.1.8/go.mod h1:8+Z3KNGkdslmeGZBC3tCrwMrcPy5GRzAD+gL9NAwMXg=
github.com/globalsign/mgo v0.0.0-20181015135952-eeefdecb41b8 h1:DujepqpGd1hyOd7aW59XpK7Qymp8iy83xq74fLr21is=
github.com/globalsign/mgo v0.0.0-20181015135952-eeefdecb41b8/go.mod h1:xkRDCp4j0OGD1HRkm4kmhM+pmpv3AKq5SU7GMg4oO/Q=
github.com/kr/pretty v0.2.1 h1:Fmg33tUaq4/8ym9TJN1x7sLJnHVwhP33CNkpYV/7rwI=
github.com/kr/pretty v0.2.1/go.mod h1:ipq/a2n7PKx3OHsz4KJII5eveXtPO4qwEXGdVfWzfnI=
github.com/kr/pty v1.1.1/go.mod h1:pFQYn66WHrOpPYNljwOMqo10TkYh1fy3cYio2l3bCsQ=
github.com/kr/text v0.1.0 h1:45sCR5RtlFHMR4UwH9sdQ5TC8v0qDQCHnXt+kaKSTVE=
github.com/kr/text v0.1.0/go.mod h1:4Jbv+DJW3UT/LiOwJeYQe1efqtUx/iVham/4vfdArNI=
github.com/mattn/go-colorable v0.1.13 h1:fFA4WZxdEF4tXPZVKMLwD8oUnCTTo08duU7wxecdEvA=
github.com/mattn/go-colorable v0.1.13/go.mod h1:7S9/ev0klgBDR4GtXTXX8a3vIGJpMovkB8vQcUbaXHg=
github.com/mattn/go-isatty v0.0.16/go.mod h1:kYGgaQfpe5nmfYZH+SKPsOc2e4SrIfOl2e/yFXSvRLM=
github.com/mattn/go-isatty v0.0.19 h1:JITubQf0MOLdlGRuRq+jtsDlekdYPia9ZFsB8h/APPA=
github.com/mattn/go-isatty v0.0.19/go.mod h1:W+V8PltTTMOvKvAeJH7IuucS94S2C6jfK/D7dTCTo3Y=
github.com/rivo/uniseg v0.4.4 h1:8TfxU8dW6PdqD27gjM8MVNuicgxIjxpm4K7x4jp8sis=
github.com/rivo/uniseg v0.4.4/go.mod h1:FN3SvrM+Zdj16jyLfmOkMNblXMcoc8DfTHruCPUcx88=
golang.org/x/sys v0.0.0-20220811171246-fbc7d0a398ab/go.mod h1:oPkhp1MJrh7nUepCBck5+mAzfO9JrbApNNgaTdGDITg=
golang.org/x/sys v0.6.0/go.mod h1:oPkhp1MJrh7nUepCBck5+mAzfO9JrbApNNgaTdGDITg=
golang.org/x/sys v0.9.0 h1:KS/R3tvhPqvJvwcKfnBHJwwthS11LRhmM5D59eEXa0s=
golang.org/x/sys v0.9.0/go.mod h1:oPkhp1MJrh7nUepCBck5+mAzfO9JrbApNNgaTdGDITg=
gopkg.in/check.v1 v1.0.0-20201130134442-10cb98267c6c h1:Hei/4ADfdWqJk1ZMxUNpqntNwaWcugrBjAiHlqqRiVk=
