github.com/DanielRenne/GoCore/core/extensions v0.0.0-20230831140853-a62d46731acd h1:Zd2h7eGarB8I3+HCy7mUQwVqmGIfZlwvCy6FwIVr3rM=
github.com/DanielRenne/GoCore/core/extensions v0.0.0-20230831140853-a62d46731acd/go.mod h1:2hlQoTvGm7d7MWjNk+dB+7tgmdfOqf4o3w4eZXPhBkM=
github.com/DanielRenne/GoCore/core/logger v0.0.0-20230831140853-a62d46731acd h1:EXmvyrnyKR9rMmurNbMhrOvB9oD+rSbcd9upKfbpxoI=
github.com/DanielRenne/GoCore/core/logger v0.0.0-20230831140853-a62d46731acd/go.mod h1:Ys60IMHIN0CASCXiYnsw+CmzzAGgvQ31qK8ug9ZQV4I=
github.com/DanielRenne/GoCore/core/path v0.0.0-20230831140853-a62d46731acd h1:icBoMsjvnkJPhQu5hOcPJK6pmwnezgrsm1wyxle+AaA=
github.com/DanielRenne/GoCore/core/path v0.0.0-20230831140853-a62d46731acd/go.mod h1:/xvJ8xSQDvZ7UuUymCjIwKlJwvWmpjz9IvkmY3RPvCk=
github.com/DanielRenne/GoCore/core/serverSettings v0.0.0-20230831140853-a62d46731acd h1:ayOhVODPiSZgLkSnZ0LaPyiVVhkyh8b1IFaZKgXklpA=
github.com/DanielRenne/GoCore/core/serverSettings v0.0.0-20230831140853-a62d46731acd/go.mod h1:pH2Wh6hS4X2BT72yinWrGbVl5FZA6d7rRClDkxV9g9w=
github.com/DanielRenne/GoCore/core/utils v0.0.0-20230831140853-a62d46731acd h1:qO4wOWhzl61EHd+6NIB5KNAvCajdDOY68GB4kRQLHBM=
github.com/DanielRenne/GoCore/core/utils v0.0.0-20230831140853-a62d46731acd/go.mod h1:mN1hdpvGoWq0UwhWj3lgLnrZCuMzL4/AiKGqmL6sCY0=
github.com/fatih/color v1.15.0 h1:kOqh6YHBtK8aywxGerMG2Eq3H6Qgoqeo13Bk2Mv/nBs=
github.com/fatih/color v1.15.0/go.mod h1:0h5ZqXfHYED7Bhv2ZJamyIOUej9KtShiJESRwBDUSsw=
github.com/forPelevin/gomoji v1.1.8 h1:JElzDdt0TyiUlecy6PfITDL6eGvIaxqYH1V52zrd0qQ=
github.com/forPelevin/gomoji v1.1.8/go.mod h1:8+Z3KNGkdslmeGZBC3tCrwMrcPy5GRzAD+gL9NAwMXg=
github.com/globalsign/mgo v0.0.0-20181015135952-eeefdecb41b8 h1:DujepqpGd1hyOd7aW59XpK7Qymp8iy83xq74fLr21is=
github.com/globalsign/mgo v0.0.0-20181015135952-eeefdecb41b8/go.mod h1:xkRDCp4j0OGD1HRkm4kmhM+pmpv3AKq5SU7GMg4oO/Q=
github.com/kr/pretty v0.2.1 h1:Fmg33tUaq4/8ym9TJN1x7sLJnHVwhP33CNkpYV/7rwI=
github.com/kr/pretty v0.2.1/go.mod h1:ipq/a2n7PKx3OHsz4KJII5eveXtPO4qwEXGdVfWzfnI=
github.com/kr/pty v1.1.1/go.mod h1:pFQYn66WHrOpPYNljwOMqo10TkYh1fy3cYio2l3bCsQ=
github.com/kr/text v0.1.0 h1:45sCR5RtlFHMR4UwH9sdQ5TC8v0qDQCHnXt+kaKSTVE=
github.com/kr/text v0.1.0/go.mod h1:4Jbv+DJW3UT/LiOwJeYQe1efqtUx/iVham/4vfdArNI=
github.com/mattn/go-colorable v0.1.13 h1:fFA4WZxdEF4tXPZVKMLwD8oUnCTTo08duU7wxecdEvA=
github.com/mattn/go-colorable v0.1.13/go.mod h1:7S9/ev0klgBDR4GtXTXX8a3vIGJpMovkB8vQcUbaXHg=
github.com/mattn/go-isatty v0.0.16/go.mod h1:kYGgaQfpe5nmfYZH+SKPsOc2e4SrIfOl2e/yFXSvRLM=
github.com/mattn/go-isatty v0.0.19 h1:JITubQf0MOLdlGRuRq+jtsDlekdYPia9ZFsB8h/APPA=
github.com/mattn/go-isatty v0.0.19/go.mod h1:W+V8PltTTMOvKvAeJH7IuucS94S2C6jfK/D7dTCTo3Y=
github.com/rivo/uniseg v0.4.4 h1:8TfxU8dW6PdqD27gjM8MVNuicgxIjxpm4K7x4jp8sis=
github.com/rivo/uniseg v0.4.4/go.mod h1:FN3SvrM+Zdj16jyLfmOkMNblXMcoc8DfTHruCPUcx88=
golang.org/x/sys v0.0.0-20220811171246-fbc7d0a398ab/go.mod h1:oPkhp1MJrh7nUepCBck5+mAzfO9JrbApNNgaTdGDITg=
golang.org/x/sys v0.6.0/go.mod h1:oPkhp1MJrh7nUepCBck5+mAzfO9JrbApNNgaTdGDITg=
golang.org/x/sys v0.11.0 h1:eG7RXZHdqOJ1i+0lgLgCpSXAp6M3LYlAo6osgSi0xOM=
golang.org/x/sys v0.11.0/go.mod h1:oPkhp1MJrh7nUepCBck5+mAzfO9JrbApNNgaTdGDITg=
golang.org/x/text v0.12.0 h1:k+n5B8goJNdU7hSvEtMUz3d1Q6D/XW4COJSJR6fN0mc=
golang.org/x/text v0.12.0/go.mod h1:TvPlkZtksWOMsz7fbANvkp4WM8x/WCo/om8BMLbz+aE=
gopkg.in/check.v1 v1.0.0-20201130134442-10cb98267c6c h1:Hei/4ADfdWqJk1ZMxUNpqntNwaWcugrBjAiHlqqRiVk=
