github.com/AsGz/httpAuthClient v0.0.0-20160217073259-f04e6143e1ca h1:hZG0RTgSA1NdWSCuHq0KQQmFJEEStNgwOwY2Q98jAqA=
github.com/AsGz/httpAuthClient v0.0.0-20160217073259-f04e6143e1ca/go.mod h1:e53tVLi1PtJ8ckchpb6ugpgFDvsPp6dj8n25abA+IEg=
github.com/DanielRenne/mangosServer v0.0.0-20160624034446-97d567a0f590 h1:QjpI182pIsB/G6ya6HwMP+K3bPzYgmV+ZYJkp5In+eI=
github.com/DanielRenne/mangosServer v0.0.0-20160624034446-97d567a0f590/go.mod h1:7CYrRmGLKG0oKBdn6bySi1tzXX2aXCxiFtjFmYdYTX4=
github.com/Jeffail/gabs v0.9.0 h1:WY/QB2yjqNneqvu5WX0bVgq0WvKFHCzqJYcfv/ZDRkY=
github.com/Jeffail/gabs v0.9.0/go.mod h1:6xMvQMK4k33lb7GUUpaAPh6nKMmemQeg5d4gn7/bOXc=
github.com/MakeNowJust/heredoc v0.0.0-20140704152643-1d91351acdc1 h1:nv/wFdNm/BtR4d8kZ0jOkJ15I2vBuqagnOldY09StDk=
github.com/MakeNowJust/heredoc v0.0.0-20140704152643-1d91351acdc1/go.mod h1:64YHyfSL2R96J44Nlwm39UHepQbyR5q10x7iYa1ks2E=
github.com/Masterminds/semver v1.2.2 h1:ptelpryog9A0pR4TGFvIAvw2c8SaNrYkFtfrxhSviss=
github.com/Masterminds/semver v1.2.2/go.mod h1:MB6lktGJrhw8PrUyiEoblNEGEQ+RzHPF078ddwwvV3Y=
github.com/altipla-consulting/i18n-dateformatter v0.0.0-20150925092426-d7d6ed4b87fb h1:FkZSTJTD7aROStJuAvkJp7TXyvnMr3sjNw91qXBzJ+k=
github.com/altipla-consulting/i18n-dateformatter v0.0.0-20150925092426-d7d6ed4b87fb/go.mod h1:ZGUCN369Mw7i8+tljtbtxtTIyfm+ZG2jeB9zn8TfPTQ=
github.com/asaskevich/govalidator v0.0.0-20171002085717-ca5f9e638c83 h1:upkzmbMCPOWKIVZ31HqLmhQS6MOkqXyVCG0f3f78RY8=
github.com/asaskevich/govalidator v0.0.0-20171002085717-ca5f9e638c83/go.mod h1:lB+ZfQJz7igIIfQNfa7Ml4HSf2uFQQRzpGGRXenZAgY=
github.com/asdine/storm v0.0.0-20160730105259-c9a194eaf968 h1:D3Nu1XvFlQ4P5wk3LdYpF9pLVOEqeXCuO1obpBLo218=
github.com/asdine/storm v0.0.0-20160730105259-c9a194eaf968/go.mod h1:RarYDc9hq1UPLImuiXK3BIWPJLdIygvV3PsInK0FbVQ=
github.com/aws/aws-sdk-go v1.10.40-0.20170906173017-58370dfb7321 h1:kCXI21t1klijhvEkms/pKDvHj2hep3R4eUMMEzS1g4U=
github.com/aws/aws-sdk-go v1.10.40-0.20170906173017-58370dfb7321/go.mod h1:ZRmQr0FajVIyZ4ZzBYKG5P3ZqPz9IHG41ZoMu1ADI3k=
github.com/blang/semver v3.5.1+incompatible h1:cQNTCjp13qL8KC3Nbxr/y2Bqb63oX6wdnnjpJbkM4JQ=
github.com/blang/semver v3.5.1+incompatible/go.mod h1:kRBLl5iJ+tD4TcOOxsy/0fnwebNt5EWlYSAyrTnjyyk=
github.com/bogdanovich/dns_resolver v0.0.0-20170211073258-a8e42bc6a5b6 h1:oV1V+uwP+sjmdSkvMxsl/l+HE+N8wbL49wCXZPel25M=
github.com/bogdanovich/dns_resolver v0.0.0-20170211073258-a8e42bc6a5b6/go.mod h1:txOV61Nn+21z77KUMkNsp8lTHoOFTtqotltQAFenS9I=
github.com/boj/redistore v0.0.0-20160128113310-fc113767cd6b h1:PfxLkkgJYE095CKZji++BNwZjxWfoAF21WFPzkzOZEs=
github.com/boj/redistore v0.0.0-20160128113310-fc113767cd6b/go.mod h1:5r9chGCb4uUhBCGMDDCYfyHU/awSRoBeG53Zaj1crhU=
github.com/boj/redistore v0.0.0-20180917114910-cd5dcc76aeff h1:RmdPFa+slIr4SCBg4st/l/vZWVe9QJKMXGO60Bxbe04=
github.com/boj/redistore v0.0.0-20180917114910-cd5dcc76aeff/go.mod h1:+RTT1BOk5P97fT2CiHkbFQwkK3mjsFAP6zCYV2aXtjw=
github.com/boltdb/bolt v1.2.2-0.20160730144416-94c8db596809 h1:k7YEu9L77yieCVuMsG+gKln5i5y8xX5UiHM3yYqLhbo=
github.com/boltdb/bolt v1.2.2-0.20160730144416-94c8db596809/go.mod h1:clJnj/oiGkjum5o1McbSZDSLxVThjynRyGBgiAx27Ps=
github.com/cenkalti/backoff v1.0.1-0.20170329104900-5d150e7eec02 h1:dN1qQaHWwYfBT+d1+FqS9/jQV+BUdcgDMt3WzRjBE+A=
github.com/cenkalti/backoff v1.0.1-0.20170329104900-5d150e7eec02/go.mod h1:90ReRw6GdpyfrHakVjL/QHaoyV4aDUVVkXQJJJ3NXXM=
github.com/cenkalti/backoff v2.2.1+incompatible h1:tNowT99t7UNflLxfYYSlKYsBpXdEet03Pg2g16Swow4=
github.com/cenkalti/backoff v2.2.1+incompatible/go.mod h1:90ReRw6GdpyfrHakVjL/QHaoyV4aDUVVkXQJJJ3NXXM=
github.com/cloudfoundry/gosigar v0.0.0-20170626175820-d9ee2f6269ae h1:76AKlStvf3nL+G1AuSUQwvUVG90GzFWkr0iOpQeT2bY=
github.com/cloudfoundry/gosigar v0.0.0-20170626175820-d9ee2f6269ae/go.mod h1:3qLfc2GlfmwOx2+ZDaRGH3Y9fwQ0sQeaAleo2GV5pH0=
github.com/coreos/bbolt v1.3.1-coreos.6.0.20180318001526-af9db2027c98 h1:oWP4KxUD7aOeKajtnU4/gqkJOTze6zHP6z/aTmI94/4=
github.com/coreos/bbolt v1.3.1-coreos.6.0.20180318001526-af9db2027c98/go.mod h1:iRUV2dpdMOn7Bo10OQBFzIJO9kkE559Wcmn+qkEiiKk=
github.com/davecgh/go-spew v1.1.0 h1:ZDRjVQ15GmhC3fiQ8ni8+OwkZQO4DARzQgrnXU1Liz8=
github.com/davecgh/go-spew v1.1.0/go.mod h1:J7Y8YcW2NihsgmVo/mv3lAwl/skON4iLHjSsI+c5H38=
github.com/davecgh/go-spew v1.1.1 h1:vj9j/u1bqnvCEfJOwUhtlOARqs3+rkHYY13jYWTU97c=
github.com/davecgh/go-spew v1.1.1/go.mod h1:J7Y8YcW2NihsgmVo/mv3lAwl/skON4iLHjSsI+c5H38=
github.com/davidrenne/heredoc v0.0.0-20161006151009-80dc836e596c h1:QhLG0pk12HPQiYhQcktbrXJEE9ro1nCe8T6Bq9WyXhw=
github.com/davidrenne/heredoc v0.0.0-20161006151009-80dc836e596c/go.mod h1:g2DVQ2XYqra4/8ioC/Qw7Y7eqwcSMo1X1bmYt+AFklw=
github.com/davidrenne/professor v0.0.0-20180814210453-cc6399dacc55 h1:jpjXKPwamtTIaggnybPdGYWJUAKtZaqth/AIEJnwVYg=
github.com/davidrenne/professor v0.0.0-20180814210453-cc6399dacc55/go.mod h1:EhGeYpPVXtjBYAdAVlC4zH+6jqGV0bj3KpVfYgSzFzQ=
github.com/davidrenne/redmine v0.0.0-20180928085134-85281d99abe9 h1:MbmkcWlMCUBLlx7JqayMyxJnvQ2K1IqXI1hTqiNmvZk=
github.com/davidrenne/redmine v0.0.0-20180928085134-85281d99abe9/go.mod h1:5YFf6uiDV6oUc+TyaA61ELGC/ra7YFLNX1Qtcd4GsSI=
github.com/davidrenne/reflections v0.0.0-20161019174303-010f7c1fcf36 h1:c1ui3LMYPXl2vGXZKWamUeBQMC10Q3YHHIwvlNlcE6E=
github.com/davidrenne/reflections v0.0.0-20161019174303-010f7c1fcf36/go.mod h1:S5gF7nIawJ1WKLi5m01QFu0QT+aGhYolMhSeSnYbwms=
github.com/davidrenne/zeroconf v0.0.0-20180321143614-6d4d3bb3ecab h1:Z4aaIX/moADasUYP1XlQHV+Af4vQd9Z3MriXGoJyNAM=
github.com/davidrenne/zeroconf v0.0.0-20180321143614-6d4d3bb3ecab/go.mod h1:6W8VOIHg146PJOx4xlj6DsEhvUT/PvHWbWNCuHpY2O8=
github.com/dchest/uniuri v0.0.0-20160212164326-8902c56451e9 h1:74lLNRzvsdIlkTgfDSMuaPjBr4cf6k7pwQQANm/yLKU=
github.com/dchest/uniuri v0.0.0-20160212164326-8902c56451e9/go.mod h1:GgB8SF9nRG+GqaDtLcwJZsQFhcogVCJ79j4EdT0c2V4=
github.com/dgrijalva/jwt-go v3.0.1-0.20160729164851-63734eae1ef5+incompatible h1:2pr4z3F7/7puQbYmVYEJzuUaOQqNrUEsjDdf51X+hMQ=
github.com/dgrijalva/jwt-go v3.0.1-0.20160729164851-63734eae1ef5+incompatible/go.mod h1:E3ru+11k8xSBh+hMPgOLZmtrrCbhqsmaPHjLKYnJCaQ=
github.com/disintegration/imaging v1.2.2 h1:Vm71h4WNvlNbmZSerkAD0Qqg2sV5Ojedd8+0u+cjbO4=
github.com/disintegration/imaging v1.2.2/go.mod h1:9B/deIUIrliYkyMTuXJd6OUFLcrZ2tf+3Qlwnaf/CjU=
github.com/djherbis/atime v1.0.1-0.20170215084934-89517e96e10b h1:N8JaPoA0Uzhfb8kzAYiX5nOuAd7eOiDF0tSQV94q97I=
github.com/djherbis/atime v1.0.1-0.20170215084934-89517e96e10b/go.mod h1:5W+KBIuTwVGcqjIfaTwt+KSYX1o6uep8dtevevQP/f8=
github.com/djherbis/times v1.0.2-0.20170215082637-d25002f62be2 h1:2ZYkxqdZhEhhR4uAnRw1J69LisKaBhPDfUzszpdPrPU=
github.com/djherbis/times v1.0.2-0.20170215082637-d25002f62be2/go.mod h1:CGMZlo255K5r4Yw0b9RRfFQpM2y7uOmxg4jm9HsaVf8=
github.com/fatih/camelcase v0.0.0-20160318181535-f6a740d52f96 h1:5e8GDOdG6jKeeqNGbR+tlmqhf4vQVs3atTTMEWeEcAk=
github.com/fatih/camelcase v0.0.0-20160318181535-f6a740d52f96/go.mod h1:yN2Sb0lFhZJUdVvtELVWefmrXpuZESvPmqwoZc+/fpc=
github.com/fatih/color v1.0.0 h1:4zdNjpoprR9fed2QRCPb2VTPU4UFXEtJc9Vc+sgXkaQ=
github.com/fatih/color v1.0.0/go.mod h1:Zm6kSWBoL9eyXnKyktHP6abPY2pDugNf5KwzbycvMj4=
github.com/fatih/structs v0.0.0-20160807235529-dc3312cb1a45 h1:SmGLF6DwUks6Rhs/aehI/q5S47HQpC/fE9TtQjunurs=
github.com/fatih/structs v0.0.0-20160807235529-dc3312cb1a45/go.mod h1:9NiDSp5zOcgEDl+j00MP/WkGVPOlPRLejGD8Ga6PJ7M=
github.com/felixge/tcpkeepalive v0.0.0-20160804073959-5bb0b2dea91e h1:mVIjvOd7NckIwf9J4hLB2YWXBYjhREF4vBeZXZ8mrWM=
github.com/felixge/tcpkeepalive v0.0.0-20160804073959-5bb0b2dea91e/go.mod h1:z0yk3Pix6k848RFizhkU4uY36ts5pB1t3toBwudGbBo=
github.com/foize/go.fifo v0.0.0-20130327144150-3a04cfeec121 h1:4tcVl93sFQN4n6PYiJ6m11uypFWCpyybUpWV+HA7Fqg=
github.com/foize/go.fifo v0.0.0-20130327144150-3a04cfeec121/go.mod h1:FnCzb+rCPKo7SBHmZYaSca9ymfnSHqh1E8jZz460/t0=
github.com/garyburd/redigo v1.0.1-0.20160810234951-ffa8d46ada78 h1:6BT1LobPDYX3k8W9D8gIWLmNnZ0lEa/dU+eqBZfa4WU=
github.com/garyburd/redigo v1.0.1-0.20160810234951-ffa8d46ada78/go.mod h1:NR3MbYisc3/PwhQ00EMzDiPmrwpPxAn5GI05/YaO1SY=
github.com/garyburd/redigo v1.6.0 h1:0VruCpn7yAIIu7pWVClQC8wxCJEcG3nyzpMSHKi1PQc=
github.com/garyburd/redigo v1.6.0/go.mod h1:NR3MbYisc3/PwhQ00EMzDiPmrwpPxAn5GI05/YaO1SY=
github.com/gin-contrib/secure v0.0.1 h1:DMMx3xXDY+MLA9kzIPHksyzC5/V5J6014c/WAmdS2gQ=
github.com/gin-contrib/secure v0.0.1/go.mod h1:6kseOBFrSR3Is/kM1jDhCg/WsXAMvKJkuPvG9dGph/c=
github.com/gin-contrib/sse v0.0.0-20170109093832-22d885f9ecc7 h1:AzN37oI0cOS+cougNAV9szl6CVoj2RYwzS3DpUQNtlY=
github.com/gin-contrib/sse v0.0.0-20170109093832-22d885f9ecc7/go.mod h1:VJ0WA2NBN22VlZ2dKZQPAPnyWw5XTlK1KymzLKsr59s=
github.com/gin-contrib/sse v0.0.0-20190301062529-5545eab6dad3 h1:t8FVkw33L+wilf2QiWkw0UV77qRpcH/JHPKGpKa2E8g=
github.com/gin-contrib/sse v0.0.0-20190301062529-5545eab6dad3/go.mod h1:VJ0WA2NBN22VlZ2dKZQPAPnyWw5XTlK1KymzLKsr59s=
github.com/gin-contrib/sse v0.1.0 h1:Y/yl/+YNO8GZSjAhjMsSuLt29uWRFHdHYUb5lYOV9qE=
github.com/gin-contrib/sse v0.1.0/go.mod h1:RHrZQHXnP2xjPF+u1gW/2HnVO7nvIa9PG3Gm+fLHvGI=
github.com/gin-gonic/contrib v0.0.0-20160703143648-547e518040cf h1:UH3eg/4OtxqIakf/WHLN/BYsATapqQnH/3NHNpnEDkk=
github.com/gin-gonic/contrib v0.0.0-20160703143648-547e518040cf/go.mod h1:iqneQ2Df3omzIVTkIfn7c1acsVnMGiSLn4XF5Blh3Yg=
github.com/gin-gonic/contrib v0.0.0-20190923054218-35076c1b2bea h1:tPQfr1S0mubDv/jvdbS1xbKOJzDgvIHi7db/MYr4EKg=
github.com/gin-gonic/contrib v0.0.0-20190923054218-35076c1b2bea/go.mod h1:iqneQ2Df3omzIVTkIfn7c1acsVnMGiSLn4XF5Blh3Yg=
github.com/gin-gonic/gin v1.1.5-0.20170814063429-52c2ed34b325 h1:3GLd3kM6O8zqTZaO/fHBF7II41Ku/Cp6qsG75fh26T4=
github.com/gin-gonic/gin v1.1.5-0.20170814063429-52c2ed34b325/go.mod h1:7cKuhb5qV2ggCFctp2fJQ+ErvciLZrIeoOSOm6mUr7Y=
github.com/gin-gonic/gin v1.3.0/go.mod h1:7cKuhb5qV2ggCFctp2fJQ+ErvciLZrIeoOSOm6mUr7Y=
github.com/gin-gonic/gin v1.4.0 h1:3tMoCCfM7ppqsR0ptz/wi1impNpT7/9wQtMZ8lr1mCQ=
github.com/gin-gonic/gin v1.4.0/go.mod h1:OW2EZn3DO8Ln9oIKOvM++LBO+5UPHJJDH72/q/3rZdM=
github.com/gin-gonic/gin v1.5.0 h1:fi+bqFAx/oLK54somfCtEZs9HeH1LHVoEPUgARpTqyc=
github.com/gin-gonic/gin v1.5.0/go.mod h1:Nd6IXA8m5kNZdNEHMBd93KT+mdY3+bewLgRvmCsR2Do=
github.com/globalsign/mgo v0.0.0-20171106093149-5be15cc6a449 h1:gvz5kV6WEQlpg584e+9c4xu8RZVMQFwQ6tqNbMtMGOI=
github.com/globalsign/mgo v0.0.0-20171106093149-5be15cc6a449/go.mod h1:xkRDCp4j0OGD1HRkm4kmhM+pmpv3AKq5SU7GMg4oO/Q=
github.com/go-errors/errors v0.0.0-20161205223245-8fa88b06e597 h1:8x4MZbuaWpZUOikHMewktXBNkHpjGUMoLr7C58QQ1EM=
github.com/go-errors/errors v0.0.0-20161205223245-8fa88b06e597/go.mod h1:f4zRHt4oKfwPJE5k8C9vpYG+aDHdBFUsgrm6/TyX73Q=
github.com/go-humble/detect v0.1.1 h1:19bPI1DfJiyROGR2aeWm0LyRaPMnPCRj0LJXDteHRL8=
github.com/go-humble/detect v0.1.1/go.mod h1:pVrYDy9oO+niVnRn94ljzppsRGpVs0l2+xTDW6u1nAQ=
github.com/go-humble/router v0.3.0 h1:iz45E/qL6LaY/E+lw7moL07cE0m7FAbSrVYJrtD5NJ8=
github.com/go-humble/router v0.3.0/go.mod h1:skbvzVQASVDieX3rvgRsHnd7oe6JBr98BxAPeheHioM=
github.com/go-mangos/mangos v1.2.1-0.20170412215926-e3181ec4a2a5 h1:wX6dyDxYbNrsY6LObN7bjq/Y5J2vi9ethRaHUQpLFGU=
github.com/go-mangos/mangos v1.2.1-0.20170412215926-e3181ec4a2a5/go.mod h1:YdIQuRLk16QkCaBzTrcXSxmOvvbzi6UE+JXQonzD/pc=
github.com/go-playground/locales v0.12.1 h1:2FITxuFt/xuCNP1Acdhv62OzaCiviiE4kotfhkmOqEc=
github.com/go-playground/locales v0.12.1/go.mod h1:IUMDtCfWo/w/mtMfIE/IG2K+Ey3ygWanZIBtBW0W2TM=
github.com/go-playground/universal-translator v0.16.0 h1:X++omBR/4cE2MNg91AoC3rmGrCjJ8eAeUP/K/EKx4DM=
github.com/go-playground/universal-translator v0.16.0/go.mod h1:1AnU7NaIRDWWzGEKwgtJRd2xk99HeFyHw3yid4rvQIY=
github.com/go-stack/stack v1.5.2 h1:5sTB/0oZM2O31k/N1IRwxxVXzLIt5NF2Aqx/2gWI9OY=
github.com/go-stack/stack v1.5.2/go.mod h1:v0f6uXyyMGvRgIKkXu+yp6POWl0qKG85gN/melR3HDY=
github.com/golang/groupcache v0.0.0-20200121045136-8c9f03a8e57e h1:1r7pUrabqp18hOBcwBwiTsbnFeTZHV9eER/QT5JVZxY=
github.com/golang/groupcache v0.0.0-20200121045136-8c9f03a8e57e/go.mod h1:cIg4eruTrX1D+g88fzRXU5OdNfaM+9IcxsU14FzY7Hc=
github.com/golang/protobuf v0.0.0-20160815223629-7390af9dcd3c h1:+6xhI2v1yg36zjqJVs1kqhFDlNf2F5v5LiU32qJYYyc=
github.com/golang/protobuf v0.0.0-20160815223629-7390af9dcd3c/go.mod h1:6lQm79b+lXiMfvg/cZm0SGofjICqVBUtrP5yJMmIC1U=
github.com/golang/protobuf v1.3.1 h1:YF8+flBXS5eO826T4nzqPrxfhQThhXl0YzfuUPu4SBg=
github.com/golang/protobuf v1.3.1/go.mod h1:6lQm79b+lXiMfvg/cZm0SGofjICqVBUtrP5yJMmIC1U=
github.com/golang/protobuf v1.3.2 h1:6nsPYzhq5kReh6QImI3k5qWzO4PEbvbIW2cwSfR/6xs=
github.com/golang/protobuf v1.3.2/go.mod h1:6lQm79b+lXiMfvg/cZm0SGofjICqVBUtrP5yJMmIC1U=
github.com/golang/text v0.0.0-20161007060404-ede1cb9f9f2f h1:pUM2MXT1tTlzrZIrK+3yD1PAERHx0TILKDagLBoI/UY=
github.com/golang/text v0.0.0-20161007060404-ede1cb9f9f2f/go.mod h1:GUiq9pdJKRKKAZXiVgWFEvocYuREvC14NhI4OPgEjeE=
github.com/gomodule/redigo v2.0.0+incompatible h1:K/R+8tc58AaqLkqG2Ol3Qk+DR/TlNuhuh457pBFPtt0=
github.com/gomodule/redigo v2.0.0+incompatible/go.mod h1:B4C85qUVwatsJoIUNIfCRsp7qO0iAmpGFZ4EELWSbC4=
github.com/google/gofuzz v1.0.0/go.mod h1:dBl0BpW6vV/+mYPU4Po3pmUjxk6FQPldtuIdl/M65Eg=
github.com/gopherjs/gopherjs v0.0.0-20190915194858-d3ddacdb130f h1:TyqzGm2z1h3AGhjOoRYyeLcW4WlW81MDQkWa+rx/000=
github.com/gopherjs/gopherjs v0.0.0-20190915194858-d3ddacdb130f/go.mod h1:wJfORRmW1u3UXTncJ5qlYoELFm8eSnnEO6hX4iZ3EWY=
github.com/gorilla/context v0.0.0-20160816184700-01ef6ff48fdc h1:9Luh16Nk9Q/kZL7EQE8LcdlCNFvOAQ4rblw6N+EFMuc=
github.com/gorilla/context v0.0.0-20160816184700-01ef6ff48fdc/go.mod h1:kBGZzfjB9CEq2AlWe17Uuf7NDRt0dE0s8S51q0aT7Yg=
github.com/gorilla/context v1.1.1 h1:AWwleXJkX/nhcU9bZSnZoi3h/qGYqQAGhq6zZe/aQW8=
github.com/gorilla/context v1.1.1/go.mod h1:kBGZzfjB9CEq2AlWe17Uuf7NDRt0dE0s8S51q0aT7Yg=
github.com/gorilla/securecookie v0.0.0-20160816222338-c13558c2b1c4 h1:zJPoPqzFv0YWH5lOlHaZ4g9YZKexaHu5CCNIIGMpJ/I=
github.com/gorilla/securecookie v0.0.0-20160816222338-c13558c2b1c4/go.mod h1:ra0sb63/xPlUeL+yeDciTfxMRAA+MP+HVt/4epWDjd4=
github.com/gorilla/securecookie v1.1.1 h1:miw7JPhV+b/lAHSXz4qd/nN9jRiAFV5FwjeKyCS8BvQ=
github.com/gorilla/securecookie v1.1.1/go.mod h1:ra0sb63/xPlUeL+yeDciTfxMRAA+MP+HVt/4epWDjd4=
github.com/gorilla/sessions v0.0.0-20160816185042-1bbba13ba476 h1:aH/TkqWrYk52uxQBexfmrrMpbZo2XsqRSQzAbsYOnHQ=
github.com/gorilla/sessions v0.0.0-20160816185042-1bbba13ba476/go.mod h1:+WVp8kdw6VhyKExm03PAMRn2ZxnPtm58pV0dBVPdhHE=
github.com/gorilla/sessions v1.1.1/go.mod h1:8KCfur6+4Mqcc6S0FEfKuN15Vl5MgXW92AE8ovaJD0w=
github.com/gorilla/sessions v1.1.2/go.mod h1:8KCfur6+4Mqcc6S0FEfKuN15Vl5MgXW92AE8ovaJD0w=
github.com/gorilla/sessions v1.1.3/go.mod h1:8KCfur6+4Mqcc6S0FEfKuN15Vl5MgXW92AE8ovaJD0w=
github.com/gorilla/sessions v1.2.0 h1:S7P+1Hm5V/AT9cjEcUD5uDaQSX0OE577aCXgoaKpYbQ=
github.com/gorilla/sessions v1.2.0/go.mod h1:dk2InVEVJ0sfLlnXv9EAgkf6ecYs/i80K/zI+bUmuGM=
github.com/gorilla/websocket v1.0.1-0.20161112142712-e8f0f8aaa98d h1:uc10hBSolowZAlJr/ILR9JdMuFKDjN0zw6jmeBC5128=
github.com/gorilla/websocket v1.0.1-0.20161112142712-e8f0f8aaa98d/go.mod h1:E7qHFY5m1UJ88s3WnNqhKjPHQ0heANvMoAMk2YaljkQ=
github.com/hpcloud/tail v1.0.1-0.20170207023346-faf842bde7ed h1:WLBrQgEkxAC1n5JUB50ei+XUF1fZpve1emH1u3WI1Rw=
github.com/hpcloud/tail v1.0.1-0.20170207023346-faf842bde7ed/go.mod h1:ab1qPbhIpdTxEkNHXyeSf5vhxWSCs/tWer42PpOxQnU=
github.com/json-iterator/go v1.1.6 h1:MrUvLMLTMxbqFJ9kzlvat/rYZqZnW3u4wkLzWTaFwKs=
github.com/json-iterator/go v1.1.6/go.mod h1:+SdeFBvtyEkXs7REEP0seUULqWtbJapLOCVDaaPEHmU=
github.com/json-iterator/go v1.1.7 h1:KfgG9LzI+pYjr4xvmz/5H4FXjokeP+rlHLhv3iH62Fo=
github.com/json-iterator/go v1.1.7/go.mod h1:KdQUCv79m/52Kvf8AW2vK1V8akMuk1QjK/uOdHXbAo4=
github.com/juju/errors v0.0.0-20160809030848-6f54ff631840 h1:h7brQJHKsJO28BdmxgKaKVSaZT2bfobmooTf08thYvA=
github.com/juju/errors v0.0.0-20160809030848-6f54ff631840/go.mod h1:W54LbzXuIE0boCoNJfwqpmkKJ1O4TCTZMetAt6jGk7Q=
github.com/kennygrant/sanitize v0.0.0-20161014094249-7fdd72ab5809 h1:x2OtZPyIpAWoB+iIHw9wr7hlFtDmvLNmI5R0vi98qCg=
github.com/kennygrant/sanitize v0.0.0-20161014094249-7fdd72ab5809/go.mod h1:LGsjYYtgxbetdg5owWB2mpgUL6e2nfw2eObZ0u0qvak=
github.com/kisielk/errcheck v0.0.0-20170317173429-23699b7e2cbf h1:B/18zmfNLWyQ129QCKXZlu8ady0s2fbUsOJf9nDcX6g=
github.com/kisielk/errcheck v0.0.0-20170317173429-23699b7e2cbf/go.mod h1:z4dIQY6ISlQIhmspoA7UwtTCWP8M9l1mChQuGZrfP/Y=
github.com/kisielk/gotool v1.0.0 h1:AV2c/EiW3KqPNT9ZKl07ehoAGi4C5/01Cfbblndcapg=
github.com/kisielk/gotool v1.0.0/go.mod h1:XhKaO+MFFWcvkIS/tQcRk01m1F5IRFswLeQ+oQHNcck=
github.com/leodido/go-urn v1.1.0 h1:Sm1gr51B1kKyfD2BlRcLSiEkffoG96g6TPv6eRoEiB8=
github.com/leodido/go-urn v1.1.0/go.mod h1:+cyI34gQWZcE1eQU7NVgKkkzdXDQHr1dBMtdAPozLkw=
github.com/manucorporat/sse v0.0.0-20160126180136-ee05b128a739 h1:ykXz+pRRTibcSjG1yRhpdSHInF8yZY/mfn+Rz2Nd1rE=
github.com/manucorporat/sse v0.0.0-20160126180136-ee05b128a739/go.mod h1:zUx1mhth20V3VKgL5jbd1BSQcW4Fy6Qs4PZvQwRFwzM=
github.com/matryer/runner v0.0.0-20160928080134-cf38584beeb2 h1:TobjpM/Hfx900I2+42BMG2LDf0vfEtPGCDYbetmstEA=
github.com/matryer/runner v0.0.0-20160928080134-cf38584beeb2/go.mod h1:lISxzZiuWDeqvTOUohfA3Wgu+WktSrH1pxW02wZ9mUQ=
github.com/mattn/go-colorable v0.0.6 h1:jGqlOoCjqVR4hfTO9H1qrR2xi0xZNYmX2T1xlw7P79c=
github.com/mattn/go-colorable v0.0.6/go.mod h1:9vuHe8Xs5qXnSaW/c/ABM9alt+Vo+STaOChaDxuIBZU=
github.com/mattn/go-colorable v0.1.2 h1:/bC9yWikZXAL9uJdulbSfyVNIR3n3trXl+v8+1sx8mU=
github.com/mattn/go-colorable v0.1.2/go.mod h1:U0ppj6V5qS13XJ6of8GYAs25YV2eR4EVcfRqFIhoBtE=
github.com/mattn/go-isatty v0.0.2 h1:F+DnWktyadxnOrohKLNUC9/GjFii5RJgY4GFG6ilggw=
github.com/mattn/go-isatty v0.0.2/go.mod h1:M+lRXTBqGeGNdLjl/ufCoiOlB5xdOkqRJdNxMWT7Zi4=
github.com/mattn/go-isatty v0.0.7 h1:UvyT9uN+3r7yLEYSlJsbQGdsaB/a0DlgWP3pql6iwOc=
github.com/mattn/go-isatty v0.0.7/go.mod h1:Iq45c/XA43vh69/j3iqttzPXn0bhXyGjM0Hdxcsrc5s=
github.com/mattn/go-isatty v0.0.8 h1:HLtExJ+uU2HOZ+wI0Tt5DtUDrx8yhUqDcp7fYERX4CE=
github.com/mattn/go-isatty v0.0.8/go.mod h1:Iq45c/XA43vh69/j3iqttzPXn0bhXyGjM0Hdxcsrc5s=
github.com/mattn/go-isatty v0.0.9 h1:d5US/mDsogSGW37IV293h//ZFaeajb69h+EHFsv2xGg=
github.com/mattn/go-isatty v0.0.9/go.mod h1:YNRxwqDuOph6SZLI9vUUz6OYw3QyUt7WiY2yME+cCiQ=
github.com/mgutz/str v1.2.0 h1:4IzWSdIz9qPQWLfKZ0rJcV0jcUDpxvP4JVZ4GXQyvSw=
github.com/mgutz/str v1.2.0/go.mod h1:w1v0ofgLaJdoD0HpQ3fycxKD1WtxpjSo151pK/31q6w=
github.com/miekg/dns v0.0.0-20170930185408-946bd9fbed05 h1:TZun4sDvF7QJRspUtk8FxztZ8fqVQ8oUKH+A0EOhmlY=
github.com/miekg/dns v0.0.0-20170930185408-946bd9fbed05/go.mod h1:W1PPwlIAgtquWBMBEV9nkV9Cazfe8ScdGz/Lj7v3Nrg=
github.com/miekg/dns v1.1.17 h1:BhJxdA7bH51vKFZSY8Sn9pR7++LREvg0eYFzHA452ew=
github.com/miekg/dns v1.1.17/go.mod h1:WgzbA6oji13JREwiNsRDNfl7jYdPnmz+VEuLrA+/48M=
github.com/modern-go/concurrent v0.0.0-20180228061459-e0a39a4cb421/go.mod h1:6dJC0mAP4ikYIbvyc7fijjWJddQyLn8Ig3JB5CqoB9Q=
github.com/modern-go/concurrent v0.0.0-20180306012644-bacd9c7ef1dd h1:TRLaZ9cD/w8PVh93nsPXa1VrQ6jlwL5oN8l14QlcNfg=
github.com/modern-go/concurrent v0.0.0-20180306012644-bacd9c7ef1dd/go.mod h1:6dJC0mAP4ikYIbvyc7fijjWJddQyLn8Ig3JB5CqoB9Q=
github.com/modern-go/reflect2 v0.0.0-20180701023420-4b7aa43c6742/go.mod h1:bx2lNnkwVCuqBIxFjflWJWanXIb3RllmbCylyMrvgv0=
github.com/modern-go/reflect2 v1.0.1 h1:9f412s+6RmYXLWZSEzVVgPGK7C2PphHj5RJrvfx9AWI=
github.com/modern-go/reflect2 v1.0.1/go.mod h1:bx2lNnkwVCuqBIxFjflWJWanXIb3RllmbCylyMrvgv0=
github.com/nfnt/resize v0.0.0-20160724205520-891127d8d1b5 h1:BvoENQQU+fZ9uukda/RzCAL/191HHwJA5b13R6diVlY=
github.com/nfnt/resize v0.0.0-20160724205520-891127d8d1b5/go.mod h1:jpp1/29i3P1S/RLdc7JQKbRpFeM1dOBd8T9ki5s+AY8=
github.com/oleiade/reflections v0.0.0-20160817071559-0e86b3c98b2f h1:I6mXuorHlvwNDFelz7a+j0HaGYSzX7+Gq60DqLVypfc=
github.com/oleiade/reflections v0.0.0-20160817071559-0e86b3c98b2f/go.mod h1:RbATFBbKYkVdqmSFtx13Bb/tVhR0lgOBXunWTZKeL4w=
github.com/pkg/errors v0.7.1 h1:0XSZhzhcAUrs2vsv1y5jaxWejlCCgvxI/kBpbRFMZ+o=
github.com/pkg/errors v0.7.1/go.mod h1:bwawxfHBFNV+L2hUp1rHADufV3IMtnDRdf1r5NINEl0=
github.com/pkg/errors v0.8.1-0.20170505043639-c605e284fe17 h1:+adyfd5YBtuLL2FbDEn0GitOinGeMH0levy3o62TMF0=
github.com/pkg/errors v0.8.1-0.20170505043639-c605e284fe17/go.mod h1:bwawxfHBFNV+L2hUp1rHADufV3IMtnDRdf1r5NINEl0=
github.com/pmezard/go-difflib v1.0.0 h1:4DBwDE0NGyQoBHbLQYPwSUPoCMWR5BEzIk/f1lZbAQM=
github.com/pmezard/go-difflib v1.0.0/go.mod h1:iKH77koFhYxTK1pcRnkKkqfTogsbg7gZNVY4sRDYZ/4=
github.com/rjeczalik/notify v0.9.3-0.20181126183243-629144ba06a1 h1:T0KWPxsFONmnJnEMcbG+VpZEj0RbvByI7DhWDS18rrM=
github.com/rjeczalik/notify v0.9.3-0.20181126183243-629144ba06a1/go.mod h1:aErll2f0sUX9PXZnVNyeiObbmTlk5jnMoCa4QEjJeqM=
github.com/satori/go.uuid v1.1.1-0.20170321230731-5bf94b69c6b6 h1:oZag5hylqWwZrDdj/laMwWQnXaeWBQf66qm4PGQI6Wc=
github.com/satori/go.uuid v1.1.1-0.20170321230731-5bf94b69c6b6/go.mod h1:dA0hQrYB0VpLJoorglMZABFdXlWrHn1NEOzdhQKdks0=
github.com/sendgrid/rest v2.3.1+incompatible h1:Hw+kGX780UlRoazQ+s/vs+a4l4aWMABDVKbHgU8b4zU=
github.com/sendgrid/rest v2.3.1+incompatible/go.mod h1:kXX7q3jZtJXK5c5qK83bSGMdV6tsOE70KbHoqJls4lE=
github.com/sendgrid/rest v2.4.1+incompatible h1:HDib/5xzQREPq34lN3YMhQtMkdXxS/qLp5G3k9a5++4=
github.com/sendgrid/rest v2.4.1+incompatible/go.mod h1:kXX7q3jZtJXK5c5qK83bSGMdV6tsOE70KbHoqJls4lE=
github.com/sendgrid/sendgrid-go v3.3.2-0.20161108233408-d087004b4d47+incompatible h1:DFVYGH1oNCpGyaKWu91q+W+LUHSVEmit2Mk1JfvL9/A=
github.com/sendgrid/sendgrid-go v3.3.2-0.20161108233408-d087004b4d47+incompatible/go.mod h1:QRQt+LX/NmgVEvmdRw0VT/QgUn499+iza2FnDca9fg8=
github.com/shirou/gopsutil v2.16.13-0.20170221131156-c14b242c603c+incompatible h1:7qevG+X8Lc8Ecqsb1jxrRwiHE9MLjxf+Pg/bru0Th+0=
github.com/shirou/gopsutil v2.16.13-0.20170221131156-c14b242c603c+incompatible/go.mod h1:5b4v6he4MtMOwMlS0TUMTu2PcXUg8+E1lC7eC3UO/RA=
github.com/stretchr/objx v0.1.0 h1:4G4v2dO3VZwixGIRoQ5Lfboy6nUhCyYzaqnIAPPhYs4=
github.com/stretchr/objx v0.1.0/go.mod h1:HFkY916IF+rwdDfMAkV7OtwuqBVzrE8GR6GFx+wExME=
github.com/stretchr/testify v1.1.4-0.20160615092844-d77da356e56a h1:UWu0XgfW9PCuyeZYNe2eGGkDZjooQKjVQqY/+d/jYmc=
github.com/stretchr/testify v1.1.4-0.20160615092844-d77da356e56a/go.mod h1:a8OnRcib4nhh0OaRAV+Yts87kKdq0PP7pXfy6kDkUVs=
github.com/stretchr/testify v1.3.0/go.mod h1:M5WIy9Dh21IEIfnGCwXGc5bZfKNJtfHm1UVUgZn+9EI=
github.com/stretchr/testify v1.4.0/go.mod h1:j7eGeouHqKxXV5pUuKE4zz7dFj8WfuZ+81PSLYec5m4=
github.com/tatsushid/go-fastping v0.0.0-20160109021039-d7bb493dee3e h1:nt2877sKfojlHCTOBXbpWjBkuWKritFaGIfgQwbQUls=
github.com/tatsushid/go-fastping v0.0.0-20160109021039-d7bb493dee3e/go.mod h1:B4+Kq1u5FlULTjFSM707Q6e/cOHFv0z/6QRoxubDIQ8=
github.com/ttacon/builder v0.0.0-20141230023516-7f152c3cf471 h1:A2X+8dmLrHedHrXgdbeQMtXBI1gwaTvkLl8uM0Bw65g=
github.com/ttacon/builder v0.0.0-20141230023516-7f152c3cf471/go.mod h1:4kyMkleCiLkgY6z8gK5BkI01ChBtxR0ro3I1ZDcGM3w=
github.com/ttacon/builder v0.0.0-20170518171403-c099f663e1c2 h1:5u+EJUQiosu3JFX0XS0qTf5FznsMOzTjGqavBGuCbo0=
github.com/ttacon/builder v0.0.0-20170518171403-c099f663e1c2/go.mod h1:4kyMkleCiLkgY6z8gK5BkI01ChBtxR0ro3I1ZDcGM3w=
github.com/ttacon/libphonenumber v0.0.0-20160629174823-33d0ea1f9ace h1:aroBWn1Mfvr01co2CoR1zD3dENGUnVPlLD5JLYtB1A0=
github.com/ttacon/libphonenumber v0.0.0-20160629174823-33d0ea1f9ace/go.mod h1:E0TpmdVMq5dyVlQ7oenAkhsLu86OkUl+yR4OAxyEg/M=
github.com/ugorji/go v0.0.0-20170918222552-54210f4e076c h1:qU3vHuDIMp9u7C2igfsnhImvuhfr3hr7pPJku2rJQZg=
github.com/ugorji/go v0.0.0-20170918222552-54210f4e076c/go.mod h1:hnLbHMwcvSihnDhEfx2/BzKp2xb0Y+ErdfYcrs9tkJQ=
github.com/ugorji/go v1.1.4 h1:j4s+tAvLfL3bZyefP2SEWmhBzmuIlH/eqNuPdFPgngw=
github.com/ugorji/go v1.1.4/go.mod h1:uQMGLiO92mf5W77hV/PUCpI3pbzQx3CRekS0kk+RGrc=
github.com/ugorji/go v1.1.7 h1:/68gy2h+1mWMrwZFeD1kQialdSzAb432dtpeJ42ovdo=
github.com/ugorji/go v1.1.7/go.mod h1:kZn38zHttfInRq0xu/PH0az30d+z6vm202qpg1oXVMw=
github.com/ugorji/go/codec v1.1.7 h1:2SvQaVZ1ouYrrKKwoSk2pzd4A9evlKJb9oTL+OaLUSs=
github.com/ugorji/go/codec v1.1.7/go.mod h1:Ax+UKWsSmolVDwsd+7N3ZtXu+yMGCf907BLYF3GoBXY=
github.com/utrack/gin-csrf v0.0.0-20150831070702-63c0ef5eca6c h1:7g5BomiW4rtyYg47QHmymM5zcf39hM4sj6HEVQvPJ8o=
github.com/utrack/gin-csrf v0.0.0-20150831070702-63c0ef5eca6c/go.mod h1:cXQUe6ePttXxHqegnNf2NPranom3DyQGPmohW3+CQpA=
github.com/ziutek/utils v0.0.0-20131202123950-d8fe304b0db2 h1:yWcOZriK9acRMUXLz+L6T+gLrWMXL929tNzcMJEig28=
github.com/ziutek/utils v0.0.0-20131202123950-d8fe304b0db2/go.mod h1:ACOZERHuXvWeAzjD4DvMwvxz/Q8DOF9VP8lcfwV59Oo=
golang.org/x/crypto v0.0.0-20190308221718-c2843e01d9a2/go.mod h1:djNgcEr1/C05ACkg1iLfiJU5Ep61QUkGW8qpdssI0+w=
golang.org/x/crypto v0.0.0-20190829043050-9756ffdc2472 h1:Gv7RPwsi3eZ2Fgewe3CBsuOebPwO27PoXzRpJPsvSSM=
golang.org/x/crypto v0.0.0-20190829043050-9756ffdc2472/go.mod h1:yigFU9vqHzYiE8UmvKecakEJjdnWj3jj499lnFckfCI=
golang.org/x/image v0.0.0-20190910094157-69e4b8554b2a h1:gHevYm0pO4QUbwy8Dmdr01R5r1BuKtfYqRqF0h/Cbh0=
golang.org/x/image v0.0.0-20190910094157-69e4b8554b2a/go.mod h1:FeLwcggjj3mMvU+oOTbSwawSJRM1uh48EjtB4UJZlP0=
golang.org/x/net v0.0.0-20190404232315-eb5bcb51f2a3/go.mod h1:t9HGtf8HONx5eT2rtn7q6eTqICYqUVnKs3thJo3Qplg=
golang.org/x/net v0.0.0-20190503192946-f4e77d36d62c h1:uOCk1iQW6Vc18bnC13MfzScl+wdKBmM9Y9kU7Z83/lw=
golang.org/x/net v0.0.0-20190503192946-f4e77d36d62c/go.mod h1:t9HGtf8HONx5eT2rtn7q6eTqICYqUVnKs3thJo3Qplg=
golang.org/x/net v0.0.0-20190620200207-3b0461eec859/go.mod h1:z5CRVTTTmAJ677TzLLGU+0bjPO0LkuOLi4/5GtJWs/s=
golang.org/x/net v0.0.0-20190827160401-ba9fcec4b297 h1:k7pJ2yAPLPgbskkFdhRCsA77k2fySZ1zf2zCjvQCiIM=
golang.org/x/net v0.0.0-20190827160401-ba9fcec4b297/go.mod h1:z5CRVTTTmAJ677TzLLGU+0bjPO0LkuOLi4/5GtJWs/s=
golang.org/x/sync v0.0.0-20190423024810-112230192c58/go.mod h1:RxMgew5VJxzue5/jJTE5uejpjVlOe/izrB70Jof72aM=
golang.org/x/sys v0.0.0-20180926160741-c2ed4eda69e7/go.mod h1:STP8DvDyc/dI5b8T5hshtkjS+E42TnysNCUPdjciGhY=
golang.org/x/sys v0.0.0-20190215142949-d0b11bdaac8a/go.mod h1:STP8DvDyc/dI5b8T5hshtkjS+E42TnysNCUPdjciGhY=
golang.org/x/sys v0.0.0-20190222072716-a9d3bda3a223/go.mod h1:STP8DvDyc/dI5b8T5hshtkjS+E42TnysNCUPdjciGhY=
golang.org/x/sys v0.0.0-20190412213103-97732733099d/go.mod h1:h1NjWce9XRLGQEsW7wpKNCjG9DtNlClVuFLEZdDNbEs=
golang.org/x/sys v0.0.0-20190813064441-fde4db37ae7a/go.mod h1:h1NjWce9XRLGQEsW7wpKNCjG9DtNlClVuFLEZdDNbEs=
golang.org/x/sys v0.0.0-20190904154756-749cb33beabd/go.mod h1:h1NjWce9XRLGQEsW7wpKNCjG9DtNlClVuFLEZdDNbEs=
golang.org/x/sys v0.0.0-20190922100055-0a153f010e69 h1:rOhMmluY6kLMhdnrivzec6lLgaVbMHMn2ISQXJeJ5EM=
golang.org/x/sys v0.0.0-20190922100055-0a153f010e69/go.mod h1:h1NjWce9XRLGQEsW7wpKNCjG9DtNlClVuFLEZdDNbEs=
golang.org/x/text v0.3.0/go.mod h1:NqM8EUOU14njkJ3fqMW+pc6Ldnwhi/IjpwHt7yyuwOQ=
golang.org/x/text v0.3.2/go.mod h1:bEr9sfX3Q8Zfm5fL9x+3itogRgK3+ptLWKqgva+5dAk=
golang.org/x/tools v0.0.0-20180917221912-90fa682c2a6e/go.mod h1:n7NCudcB/nEzxVGmLbDWY5pfWTLqBcC2KZ6jyYvM4mQ=
golang.org/x/tools v0.0.0-20190907020128-2ca718005c18 h1:xFbv3LvlvQAmbNJFCBKRv1Ccvnh9FVsW0FX2kTWWowE=
golang.org/x/tools v0.0.0-20190907020128-2ca718005c18/go.mod h1:b+2E5dAYhXwXZwtnZ6UAqBI28+e2cm9otk0dWdXHAEo=
golang.org/x/xerrors v0.0.0-20190717185122-a985d3407aa7/go.mod h1:I/5z698sn9Ka8TeJc9MKroUUfqBBauWjQqLJ2OPfmY0=
gopkg.in/check.v1 v0.0.0-20161208181325-20d25e280405/go.mod h1:Co6ibVJAznAaIkqp8huTwlJQCZ016jof/cbN4VW5Yz0=
gopkg.in/fsnotify.v1 v1.4.7 h1:xOHLXZwVvI9hhs+cLKq5+I5onOuwQLhQwiu63xxlHs4=
gopkg.in/fsnotify.v1 v1.4.7/go.mod h1:Tz8NjZHkW78fSQdbUxIjBTcgA1z1m8ZHf0WmKUhAMys=
gopkg.in/go-playground/assert.v1 v1.2.1/go.mod h1:9RXL0bg/zibRAgZUYszZSwO/z8Y/a8bDuhia5mkpMnE=
gopkg.in/go-playground/validator.v8 v8.18.2 h1:lFB4DoMU6B626w8ny76MV7VX6W2VHct2GVOI3xgiMrQ=
gopkg.in/go-playground/validator.v8 v8.18.2/go.mod h1:RX2a/7Ha8BgOhfk7j780h4/u/RRjR0eouCJSH80/M2Y=
gopkg.in/go-playground/validator.v9 v9.29.1 h1:SvGtYmN60a5CVKTOzMSyfzWDeZRxRuGvRQyEAKbw1xc=
gopkg.in/go-playground/validator.v9 v9.29.1/go.mod h1:+c9/zcJMFNgbLvly1L1V+PpxWdVbfP1avr/N00E2vyQ=
gopkg.in/go-playground/webhooks.v5 v5.1.0 h1:aqKQWTV+lBNRzs3llAiD8NVwPQCk1vt600ZcqCegjtY=
gopkg.in/go-playground/webhooks.v5 v5.1.0/go.mod h1:LZbya/qLVdbqDR1aKrGuWV6qbia2zCYSR5dpom2SInQ=
gopkg.in/tomb.v1 v1.0.0-20141024135613-dd632973f1e7 h1:uRGJdciOHaEIrze2W8Q3AKkepLTh2hOroT7a+7czfdQ=
gopkg.in/tomb.v1 v1.0.0-20141024135613-dd632973f1e7/go.mod h1:dt/ZhP58zS4L8KSrWDmTeBkI65Dw0HsyUHuEVlX15mw=
gopkg.in/yaml.v2 v2.2.2 h1:ZCJp+EgiOT7lHqUV2J862kp8Qj64Jo6az82+3Td9dZw=
gopkg.in/yaml.v2 v2.2.2/go.mod h1:hI93XBmqTisBFMUTm0b8Fm+jr3Dg1NNxqwp+5A1VGuI=
honnef.co/go/js/dom v0.0.0-20190526011328-ebc4cf92d81f h1:b3Q9PqH+5NYHfIjNUEN+f8lYvBh9A25AX+kPh8dpYmc=
honnef.co/go/js/dom v0.0.0-20190526011328-ebc4cf92d81f/go.mod h1:sUMDUKNB2ZcVjt92UnLy3cdGs+wDAcrPdV3JP6sVgA4=
xojoc.pw/useragent v0.0.0-20170215185434-52903803fc66 h1:j5PlwzvW29USBoG/MvJPT5kDvX+0+lVLlOdnujOlN94=
xojoc.pw/useragent v0.0.0-20170215185434-52903803fc66/go.mod h1:71om/Qz9HbIEjbUrkrzmJiF26FSh6tcwqSFdBBkLtJQ=
