github.com/DanielRenne/GoCore v1.7.5 h1:+dnzbSWbtx+ac7ZwY29DLcEaE5L9PuoxgFeQNfdxyi4=
github.com/DanielRenne/GoCore v1.7.5/go.mod h1:1gIRKiyzKwPtXolWjCJ/YP793+zSQpI1R4L+jfd88ZQ=
github.com/DanielRenne/GoCore/core/appGen v0.0.0-20221229213842-589c9effe65e h1:CcfmrczTVduYdm+OVl8W0ML6R1AKjDcCdJwCE4JL4AY=
github.com/DanielRenne/GoCore/core/appGen v0.0.0-20221229213842-589c9effe65e/go.mod h1:+fUYjE1mwIyqZkOzho7kRC8z/Kp7kEnOBXqzWov6rw0=
github.com/DanielRenne/GoCore/core/atomicTypes v0.0.0-20221229213842-589c9effe65e h1:lFKNJ0R5zNoJvoMltLgK/MBUJoZRiVjGllL2dCt6HmY=
github.com/DanielRenne/GoCore/core/atomicTypes v0.0.0-20221229213842-589c9effe65e/go.mod h1:QyDH9vWW1+e7fbDWpTu/WPmbdKDr8z57nhTb/8tdmDg=
github.com/DanielRenne/GoCore/core/dbServices v0.0.0-20221229213842-589c9effe65e h1:H+25oW3DLkpzHHp/iB2o4rZDmmVKjfLnGGLWBctHcJQ=
github.com/DanielRenne/GoCore/core/dbServices v0.0.0-20221229213842-589c9effe65e/go.mod h1:8sojzkvzpNQtNSBp9vcqtiRTXV9FhF06D8XPyr61eZ4=
github.com/DanielRenne/GoCore/core/dbServices/bolt/stubs v0.0.0-20221229213842-589c9effe65e h1:1KHcHlYtWK4CrVb0zNV2R94aTcGMr50Ne4+cj9WdORM=
github.com/DanielRenne/GoCore/core/dbServices/bolt/stubs v0.0.0-20221229213842-589c9effe65e/go.mod h1:YvuKqN82jPAThJObtfZLpt5h/aFIJKZXVNmHgfp7ntc=
github.com/DanielRenne/GoCore/core/dbServices/common/stubs v0.0.0-20221229213842-589c9effe65e h1:QYE87ft0fhK1MGCGKs6ZGUPiJZLW/VLa1BQAFHpIx9Y=
github.com/DanielRenne/GoCore/core/dbServices/common/stubs v0.0.0-20221229213842-589c9effe65e/go.mod h1:pI9sj+LTUOqignaRjepdwwOeF/NfrLBulMGRqOBvLu4=
github.com/DanielRenne/GoCore/core/dbServices/mongo/stubs v0.0.0-20221229213842-589c9effe65e h1:5qzcFGAwOoLe2Kb9rez5ROMj8BVlVifVnZvj10Yl2g0=
github.com/DanielRenne/GoCore/core/dbServices/mongo/stubs v0.0.0-20221229213842-589c9effe65e/go.mod h1:6oGsmEiE8gompFm8260nWpIKORD6kOD5tespyGzW99k=
github.com/DanielRenne/GoCore/core/extensions v0.0.0-20221229213842-589c9effe65e h1:v/HDD8PZmn7rHbuG2HeLInQUURhDAYT5Ie4Og7BeXEQ=
github.com/DanielRenne/GoCore/core/extensions v0.0.0-20221229213842-589c9effe65e/go.mod h1:6gaxFzpuy3c3l/q0gRWar1ry0ZSbopm7clbGYLCjkGU=
github.com/DanielRenne/GoCore/core/logger v0.0.0-20221229213842-589c9effe65e h1:g+YGei8O+1CRVoCzGwiJpHo2OVSiTRt/OnxbfQ4MlXA=
github.com/DanielRenne/GoCore/core/logger v0.0.0-20221229213842-589c9effe65e/go.mod h1:jVuqfvP5a+qYnW7dAtt8bPRqQfgu5hBg2TZh0DtyNHw=
github.com/DanielRenne/GoCore/core/path v0.0.0-20221229213842-589c9effe65e h1:YF8ter7XPhsz/Z8vyRiHVhkK9dQnFaYLl9MnMBRTK6w=
github.com/DanielRenne/GoCore/core/path v0.0.0-20221229213842-589c9effe65e/go.mod h1:/xvJ8xSQDvZ7UuUymCjIwKlJwvWmpjz9IvkmY3RPvCk=
github.com/DanielRenne/GoCore/core/serverSettings v0.0.0-20221229213842-589c9effe65e h1:VLOPsXGcamZh/TI+oq4mwww+iDfrTd3fvALXvJAFHt4=
github.com/DanielRenne/GoCore/core/serverSettings v0.0.0-20221229213842-589c9effe65e/go.mod h1:zI7665PXeaDVV+yVuT5EFiNd3NO0P0FzMNltVLC/OeI=
github.com/DanielRenne/GoCore/core/utils v0.0.0-20221229213842-589c9effe65e h1:xYAheOaM8tf8Pzya3eWmiYAchrLq7tQezfB5xurVj2s=
github.com/DanielRenne/GoCore/core/utils v0.0.0-20221229213842-589c9effe65e/go.mod h1:0gnVYd4V3F31B/VkHx2qK3vbXASsvfo1HRdlyb1YIXg=
github.com/DataDog/zstd v1.5.2 h1:vUG4lAyuPCXO0TLbXvPv7EB7cNK1QV/luu55UHLrrn8=
github.com/MakeNowJust/heredoc v1.0.0 h1:cXCdzVdstXyiTqTvfqk9SDHpKNjxuom+DOlyEeQ4pzQ=
github.com/Sereal/Sereal v0.0.0-20220903133728-b4d312952c4c h1:fZYZayNeQmCugRjmTWQFoCpon0iFbESYOpNdMCsf5sQ=
github.com/asdine/storm v2.1.2+incompatible h1:dczuIkyqwY2LrtXPz8ixMrU/OFgZp71kbKTHGrXYt/Q=
github.com/asdine/storm v2.1.2+incompatible/go.mod h1:RarYDc9hq1UPLImuiXK3BIWPJLdIygvV3PsInK0FbVQ=
github.com/creack/pty v1.1.9/go.mod h1:oKZEueFk5CKHvIhNR5MUki03XCEU+Q6VDXinZuGJ33E=
github.com/davecgh/go-spew v1.1.1 h1:vj9j/u1bqnvCEfJOwUhtlOARqs3+rkHYY13jYWTU97c=
github.com/davecgh/go-spew v1.1.1/go.mod h1:J7Y8YcW2NihsgmVo/mv3lAwl/skON4iLHjSsI+c5H38=
github.com/davidrenne/heredoc v0.0.0-20161006151009-80dc836e596c h1:QhLG0pk12HPQiYhQcktbrXJEE9ro1nCe8T6Bq9WyXhw=
github.com/davidrenne/heredoc v0.0.0-20161006151009-80dc836e596c/go.mod h1:g2DVQ2XYqra4/8ioC/Qw7Y7eqwcSMo1X1bmYt+AFklw=
github.com/fatih/color v1.13.0 h1:8LOYc1KYPPmyKMuN8QV2DNRWNbLo6LZ0iLs8+mlH53w=
github.com/fatih/color v1.13.0/go.mod h1:kLAiJbzzSOZDVNGyDpeOxJ47H46qBXwg5ILebYFFOfk=
github.com/forPelevin/gomoji v1.1.8 h1:JElzDdt0TyiUlecy6PfITDL6eGvIaxqYH1V52zrd0qQ=
github.com/forPelevin/gomoji v1.1.8/go.mod h1:8+Z3KNGkdslmeGZBC3tCrwMrcPy5GRzAD+gL9NAwMXg=
github.com/globalsign/mgo v0.0.0-20181015135952-eeefdecb41b8 h1:DujepqpGd1hyOd7aW59XpK7Qymp8iy83xq74fLr21is=
github.com/globalsign/mgo v0.0.0-20181015135952-eeefdecb41b8/go.mod h1:xkRDCp4j0OGD1HRkm4kmhM+pmpv3AKq5SU7GMg4oO/Q=
github.com/golang/protobuf v1.5.2 h1:ROPKBNFfQgOUMifHyP+KYbvpjbdoFNs+aK7DXlji0Tw=
github.com/golang/snappy v0.0.4 h1:yAGX7huGHXlcLOEtBnF4w7FQwA26wojNCwOYAEhLjQM=
github.com/google/go-cmp v0.5.8 h1:e6P7q2lk1O+qJJb4BtCQXlK8vWEO8V1ZeuEdJNOqZyg=
github.com/kr/pretty v0.3.1 h1:flRD4NNwYAUpkphVc1HcthR4KEIFJ65n8Mw5qdRn3LE=
github.com/kr/pretty v0.3.1/go.mod h1:hoEshYVHaxMs3cyo3Yncou5ZscifuDolrwPKZanG3xk=
github.com/kr/text v0.2.0 h1:5Nx0Ya0ZqY2ygV366QzturHI13Jq95ApcVaJBhpS+AY=
github.com/kr/text v0.2.0/go.mod h1:eLer722TekiGuMkidMxC/pM04lWEeraHUUmBw8l2grE=
github.com/mattn/go-colorable v0.1.9/go.mod h1:u6P/XSegPjTcexA+o6vUJrdnUu04hMope9wVRipJSqc=
github.com/mattn/go-colorable v0.1.13 h1:fFA4WZxdEF4tXPZVKMLwD8oUnCTTo08duU7wxecdEvA=
github.com/mattn/go-colorable v0.1.13/go.mod h1:7S9/ev0klgBDR4GtXTXX8a3vIGJpMovkB8vQcUbaXHg=
github.com/mattn/go-isatty v0.0.12/go.mod h1:cbi8OIDigv2wuxKPP5vlRcQ1OAZbq2CE4Kysco4FUpU=
github.com/mattn/go-isatty v0.0.14/go.mod h1:7GGIvUiUoEMVVmxf/4nioHXj79iQHKdU27kJ6hsGG94=
github.com/mattn/go-isatty v0.0.16/go.mod h1:kYGgaQfpe5nmfYZH+SKPsOc2e4SrIfOl2e/yFXSvRLM=
github.com/mattn/go-isatty v0.0.17 h1:BTarxUcIeDqL27Mc+vyvdWYSL28zpIhv3RoTdsLMPng=
github.com/mattn/go-isatty v0.0.17/go.mod h1:kYGgaQfpe5nmfYZH+SKPsOc2e4SrIfOl2e/yFXSvRLM=
github.com/pkg/diff v0.0.0-20210226163009-20ebb0f2a09e/go.mod h1:pJLUxLENpZxwdsKMEsNbx1VGcRFpLqf3715MtcvvzbA=
github.com/pmezard/go-difflib v1.0.0 h1:4DBwDE0NGyQoBHbLQYPwSUPoCMWR5BEzIk/f1lZbAQM=
github.com/pmezard/go-difflib v1.0.0/go.mod h1:iKH77koFhYxTK1pcRnkKkqfTogsbg7gZNVY4sRDYZ/4=
github.com/rivo/uniseg v0.4.3 h1:utMvzDsuh3suAEnhH0RdHmoPbU648o6CvXxTx4SBMOw=
github.com/rivo/uniseg v0.4.3/go.mod h1:FN3SvrM+Zdj16jyLfmOkMNblXMcoc8DfTHruCPUcx88=
github.com/rogpeppe/go-internal v1.9.0 h1:73kH8U+JUqXU8lRuOHeVHaa/SZPifC7BkcraZVejAe8=
github.com/rogpeppe/go-internal v1.9.0/go.mod h1:WtVeX8xhTBvf0smdhujwtBcq4Qrzq/fJaraNFVN+nFs=
github.com/stretchr/testify v1.8.0 h1:pSgiaMZlXftHpm5L7V1+rVB+AZJydKsMxsQBIJw4PKk=
github.com/vmihailenco/msgpack v4.0.4+incompatible h1:dSLoQfGFAo3F6OoNhwUmLwVgaUXK79GlxNBwueZn0xI=
go.etcd.io/bbolt v1.3.6 h1:/ecaJf0sk1l4l6V4awd65v2C3ILy7MSj+s/x1ADCIMU=
go.etcd.io/bbolt v1.3.6/go.mod h1:qXsaaIqmgQH0T+OPdb99Bf+PKfBBQVAdyD6TY9G8XM4=
golang.org/x/net v0.4.0 h1:Q5QPcMlvfxFTAPV0+07Xz/MpK9NTXu2VDUuy0FeMfaU=
golang.org/x/sys v0.0.0-20200116001909-b77594299b42/go.mod h1:h1NjWce9XRLGQEsW7wpKNCjG9DtNlClVuFLEZdDNbEs=
golang.org/x/sys v0.0.0-20200223170610-d5e6a3e2c0ae/go.mod h1:h1NjWce9XRLGQEsW7wpKNCjG9DtNlClVuFLEZdDNbEs=
golang.org/x/sys v0.0.0-20200923182605-d9f96fdee20d/go.mod h1:h1NjWce9XRLGQEsW7wpKNCjG9DtNlClVuFLEZdDNbEs=
golang.org/x/sys v0.0.0-20210630005230-0f9fa26af87c/go.mod h1:oPkhp1MJrh7nUepCBck5+mAzfO9JrbApNNgaTdGDITg=
golang.org/x/sys v0.0.0-20220811171246-fbc7d0a398ab/go.mod h1:oPkhp1MJrh7nUepCBck5+mAzfO9JrbApNNgaTdGDITg=
golang.org/x/sys v0.3.0 h1:w8ZOecv6NaNa/zC8944JTU3vz4u6Lagfk4RPQxv92NQ=
golang.org/x/sys v0.3.0/go.mod h1:oPkhp1MJrh7nUepCBck5+mAzfO9JrbApNNgaTdGDITg=
google.golang.org/appengine v1.6.7 h1:FZR1q0exgwxzPzp/aF+VccGrSfxfPpkBqjIIEq3ru6c=
google.golang.org/protobuf v1.28.1 h1:d0NfwRgPtno5B1Wa6L2DAG+KivqkdutMf1UhdNx175w=
gopkg.in/check.v1 v0.0.0-20161208181325-20d25e280405/go.mod h1:Co6ibVJAznAaIkqp8huTwlJQCZ016jof/cbN4VW5Yz0=
gopkg.in/check.v1 v1.0.0-20201130134442-10cb98267c6c h1:Hei/4ADfdWqJk1ZMxUNpqntNwaWcugrBjAiHlqqRiVk=
gopkg.in/yaml.v3 v3.0.1 h1:fxVm/GzAzEWqLHuvctI91KS9hhNmmWOoWu0XTYJS7CA=
gopkg.in/yaml.v3 v3.0.1/go.mod h1:K4uyk7z7BCEPqu6E+C64Yfv1cQ7kz7rIZviUmN+EgEM=
