github.com/DanielRenne/GoCore/core v0.0.0-20221230220400-0d0b96574dc8 h1:8Ybz6Mm/154VnCIt3aJIeHiMLyQrk/jaPtdNwg9SDN0=
github.com/DanielRenne/GoCore/core v0.0.0-20221230220400-0d0b96574dc8/go.mod h1:LxQjA/Pbt572lxj1z21Lg9n7MlbQw5U84yrbUjAUuPI=
github.com/DanielRenne/GoCore/core/atomicTypes v0.0.0-20221230220400-0d0b96574dc8 h1:tIrdD2SFa4xLUreYltTp56qYib3sBW6xptjMF3ZHL2E=
github.com/DanielRenne/GoCore/core/atomicTypes v0.0.0-20221230220400-0d0b96574dc8/go.mod h1:QyDH9vWW1+e7fbDWpTu/WPmbdKDr8z57nhTb/8tdmDg=
github.com/DanielRenne/GoCore/core/dbServices v0.0.0-20221230220400-0d0b96574dc8 h1:sEEUmM6YcVaaTHPVyhe0V5sxOaYrO7rNjNsdprvLbPo=
github.com/DanielRenne/GoCore/core/dbServices v0.0.0-20221230220400-0d0b96574dc8/go.mod h1:QLMSpYgtqITd6WhPeLj92UTbd9uhQJdLJfGXvWfQa7c=
github.com/DanielRenne/GoCore/core/dbServices/bolt/stubs v0.0.0-20221230220400-0d0b96574dc8 h1:l+VD8usRe3dD9zZ0IRbMtaU4WMcMVFfAkE2TQJnMXfQ=
github.com/DanielRenne/GoCore/core/dbServices/bolt/stubs v0.0.0-20221230220400-0d0b96574dc8/go.mod h1:YvuKqN82jPAThJObtfZLpt5h/aFIJKZXVNmHgfp7ntc=
github.com/DanielRenne/GoCore/core/dbServices/common/stubs v0.0.0-20221230220400-0d0b96574dc8 h1:HHShe+cWnMyEODTlzqmvQItT88PYFr3TcvDlxV2imDs=
github.com/DanielRenne/GoCore/core/dbServices/common/stubs v0.0.0-20221230220400-0d0b96574dc8/go.mod h1:pI9sj+LTUOqignaRjepdwwOeF/NfrLBulMGRqOBvLu4=
github.com/DanielRenne/GoCore/core/dbServices/example/models/v1/model v0.0.0-20221230220400-0d0b96574dc8 h1:gzSlzwA0YMpgt9RR22/aHsLql9CUXjjKK5fAO1v9s5c=
github.com/DanielRenne/GoCore/core/dbServices/example/models/v1/model v0.0.0-20221230220400-0d0b96574dc8/go.mod h1:8pW4ohbxdAzyfbEhL5j088k1Sq3X8IwpdJKGLPlkInw=
github.com/DanielRenne/GoCore/core/dbServices/mongo/stubs v0.0.0-20221230214907-6a01b3c95765 h1:x0Phw/A5kTvK1fcp21LZWh27M9gv/aUVsBLXXS9XxzI=
github.com/DanielRenne/GoCore/core/dbServices/mongo/stubs v0.0.0-20221230214907-6a01b3c95765/go.mod h1:6oGsmEiE8gompFm8260nWpIKORD6kOD5tespyGzW99k=
github.com/DanielRenne/GoCore/core/extensions v0.0.0-20221230220400-0d0b96574dc8 h1:4+rE9Uxpvs60At2MnAlblc7obZWhH8Z1b0L32JAoyW8=
github.com/DanielRenne/GoCore/core/extensions v0.0.0-20221230220400-0d0b96574dc8/go.mod h1:6gaxFzpuy3c3l/q0gRWar1ry0ZSbopm7clbGYLCjkGU=
github.com/DanielRenne/GoCore/core/fileCache v0.0.0-20221230220400-0d0b96574dc8 h1:XJt/Pv1twI3/x5TatLKTp8TbV76LREC/QUZ+asfupxs=
github.com/DanielRenne/GoCore/core/fileCache v0.0.0-20221230220400-0d0b96574dc8/go.mod h1:zoOxupaD6qkFCglO8sPcJqUFuuglyjuZ0jhrIWqiAM4=
github.com/DanielRenne/GoCore/core/logger v0.0.0-20221230220400-0d0b96574dc8 h1:hDo3sNbq0CWhhzjgBnr7YrjN0AwJYAqrojy1OzEuw64=
github.com/DanielRenne/GoCore/core/logger v0.0.0-20221230220400-0d0b96574dc8/go.mod h1:6O1Rx2oPhBNvMJGLD+wZ4IR61Mhw6UzC9B8RV8n8Ue8=
github.com/DanielRenne/GoCore/core/path v0.0.0-20221230220400-0d0b96574dc8 h1:68wuQycKA2bmiQHAmaLwAZ0Ui/0GRa0Tmw8BYrjaLto=
github.com/DanielRenne/GoCore/core/path v0.0.0-20221230220400-0d0b96574dc8/go.mod h1:/xvJ8xSQDvZ7UuUymCjIwKlJwvWmpjz9IvkmY3RPvCk=
github.com/DanielRenne/GoCore/core/pubsub v0.0.0-20221230220400-0d0b96574dc8 h1:HRh8MEVpohtVK4X7onBhVCARiIjryZGqFmjzPNtZHKs=
github.com/DanielRenne/GoCore/core/pubsub v0.0.0-20221230220400-0d0b96574dc8/go.mod h1:w2F0OagrpFhYT3Pe3tkvo850ityFVPti73CZ0b6xY0Q=
github.com/DanielRenne/GoCore/core/serverSettings v0.0.0-20221230220400-0d0b96574dc8 h1:IRxf9Xp60BXrzXwY3p1bkZDk/e9c2vj0L+iet8RJZIE=
github.com/DanielRenne/GoCore/core/serverSettings v0.0.0-20221230220400-0d0b96574dc8/go.mod h1:suFtOBn+qUyj6JVOoWhIOsY+EU66UIQ4BDKWQIA1oL8=
github.com/DanielRenne/GoCore/core/store v0.0.0-20221230220400-0d0b96574dc8 h1:m2+QCpD6zW1HPLYk53CJ9dWGW6ugXrPxR/UplGpPLnY=
github.com/DanielRenne/GoCore/core/store v0.0.0-20221230220400-0d0b96574dc8/go.mod h1:SxpqaoOo7+bqj1UKbcxq1SQgbYaUWrebasRomrVo11w=
github.com/DanielRenne/GoCore/core/utils v0.0.0-20221230220400-0d0b96574dc8 h1:EMAL4nCcOkAr5QsOzkVmk4ZLdbaOo28J3VRmTexjKPo=
github.com/DanielRenne/GoCore/core/utils v0.0.0-20221230220400-0d0b96574dc8/go.mod h1:0VIEyJmIJy7TLEFPJnYgMpld5wL4KsPZEsMuu3JV3vs=
github.com/DataDog/zstd v1.5.2 h1:vUG4lAyuPCXO0TLbXvPv7EB7cNK1QV/luu55UHLrrn8=
github.com/MakeNowJust/heredoc v1.0.0 h1:cXCdzVdstXyiTqTvfqk9SDHpKNjxuom+DOlyEeQ4pzQ=
github.com/Sereal/Sereal v0.0.0-20220903133728-b4d312952c4c h1:fZYZayNeQmCugRjmTWQFoCpon0iFbESYOpNdMCsf5sQ=
github.com/altipla-consulting/dateformatter v0.0.0-20181229145957-7f51bee562e1 h1:0xbgJsEH5hofQDKhvGfuRVIRPc0rXZzZ1R8UEz4u5pc=
github.com/altipla-consulting/dateformatter v0.0.0-20181229145957-7f51bee562e1/go.mod h1:jboKF6Zu4UVXwRT3dh8ljKtbcXPLSSXAWXa6dABaLLQ=
github.com/altipla-consulting/i18n-dateformatter v0.0.0-20181229145957-7f51bee562e1 h1:fwdNjuABPjlXeZo9NHeJHFIYIPEduqCPzXw72PB79jw=
github.com/altipla-consulting/i18n-dateformatter v0.0.0-20181229145957-7f51bee562e1/go.mod h1:ZGUCN369Mw7i8+tljtbtxtTIyfm+ZG2jeB9zn8TfPTQ=
github.com/asaskevich/govalidator v0.0.0-20210307081110-f21760c49a8d h1:Byv0BzEl3/e6D5CLfI0j/7hiIEtvGVFPCZ7Ei2oq8iQ=
github.com/asaskevich/govalidator v0.0.0-20210307081110-f21760c49a8d/go.mod h1:WaHUgvxTVq04UNunO+XhnAqY/wQc+bxr74GqbsZ/Jqw=
github.com/asdine/storm v2.1.2+incompatible h1:dczuIkyqwY2LrtXPz8ixMrU/OFgZp71kbKTHGrXYt/Q=
github.com/asdine/storm v2.1.2+incompatible/go.mod h1:RarYDc9hq1UPLImuiXK3BIWPJLdIygvV3PsInK0FbVQ=
github.com/common-nighthawk/go-figure v0.0.0-20210622060536-734e95fb86be h1:J5BL2kskAlV9ckgEsNQXscjIaLiOYiZ75d4e94E6dcQ=
github.com/common-nighthawk/go-figure v0.0.0-20210622060536-734e95fb86be/go.mod h1:mk5IQ+Y0ZeO87b858TlA645sVcEcbiX6YqP98kt+7+w=
github.com/creack/pty v1.1.9/go.mod h1:oKZEueFk5CKHvIhNR5MUki03XCEU+Q6VDXinZuGJ33E=
github.com/davecgh/go-spew v1.1.1 h1:vj9j/u1bqnvCEfJOwUhtlOARqs3+rkHYY13jYWTU97c=
github.com/davidrenne/heredoc v0.0.0-20161006151009-80dc836e596c h1:QhLG0pk12HPQiYhQcktbrXJEE9ro1nCe8T6Bq9WyXhw=
github.com/davidrenne/heredoc v0.0.0-20161006151009-80dc836e596c/go.mod h1:g2DVQ2XYqra4/8ioC/Qw7Y7eqwcSMo1X1bmYt+AFklw=
github.com/davidrenne/reflections v1.0.2 h1:sWtr/wTWk03jJM6o/NHWMavG6CnzBiq6w202BrpsP1c=
github.com/davidrenne/reflections v1.0.2/go.mod h1:S5gF7nIawJ1WKLi5m01QFu0QT+aGhYolMhSeSnYbwms=
github.com/fatih/camelcase v1.0.0 h1:hxNvNX/xYBp0ovncs8WyWZrOrpBNub/JfaMvbURyft8=
github.com/fatih/camelcase v1.0.0/go.mod h1:yN2Sb0lFhZJUdVvtELVWefmrXpuZESvPmqwoZc+/fpc=
github.com/fatih/color v1.13.0 h1:8LOYc1KYPPmyKMuN8QV2DNRWNbLo6LZ0iLs8+mlH53w=
github.com/fatih/color v1.13.0/go.mod h1:kLAiJbzzSOZDVNGyDpeOxJ47H46qBXwg5ILebYFFOfk=
github.com/forPelevin/gomoji v1.1.8 h1:JElzDdt0TyiUlecy6PfITDL6eGvIaxqYH1V52zrd0qQ=
github.com/forPelevin/gomoji v1.1.8/go.mod h1:8+Z3KNGkdslmeGZBC3tCrwMrcPy5GRzAD+gL9NAwMXg=
github.com/globalsign/mgo v0.0.0-20181015135952-eeefdecb41b8 h1:DujepqpGd1hyOd7aW59XpK7Qymp8iy83xq74fLr21is=
github.com/globalsign/mgo v0.0.0-20181015135952-eeefdecb41b8/go.mod h1:xkRDCp4j0OGD1HRkm4kmhM+pmpv3AKq5SU7GMg4oO/Q=
github.com/go-errors/errors v1.4.2 h1:J6MZopCL4uSllY1OfXM374weqZFFItUbrImctkmUxIA=
github.com/go-errors/errors v1.4.2/go.mod h1:sIVyrIiJhuEF+Pj9Ebtd6P/rEYROXFi3BopGUQ5a5Og=
github.com/golang/groupcache v0.0.0-20210331224755-41bb18bfe9da h1:oI5xCqsCo564l8iNU+DwB5epxmsaqB+rhGL0m5jtYqE=
github.com/golang/groupcache v0.0.0-20210331224755-41bb18bfe9da/go.mod h1:cIg4eruTrX1D+g88fzRXU5OdNfaM+9IcxsU14FzY7Hc=
github.com/golang/protobuf v1.5.0/go.mod h1:FsONVRAS9T7sI+LIUmWTfcYkHO4aIWwzhcaSAoJOfIk=
github.com/golang/protobuf v1.5.2 h1:ROPKBNFfQgOUMifHyP+KYbvpjbdoFNs+aK7DXlji0Tw=
github.com/golang/protobuf v1.5.2/go.mod h1:XVQd3VNwM+JqD3oG2Ue2ip4fOMUkwXdXDdiuN0vRsmY=
github.com/golang/snappy v0.0.4 h1:yAGX7huGHXlcLOEtBnF4w7FQwA26wojNCwOYAEhLjQM=
github.com/google/go-cmp v0.5.5/go.mod h1:v8dTdLbMG2kIc/vJvl+f65V22dbkXbowE6jgT/gNBxE=
github.com/google/go-cmp v0.5.8 h1:e6P7q2lk1O+qJJb4BtCQXlK8vWEO8V1ZeuEdJNOqZyg=
github.com/google/go-cmp v0.5.8/go.mod h1:17dUlkBOakJ0+DkrSSNjCkIjxS6bF9zb3elmeNGIjoY=
github.com/kr/pretty v0.3.1 h1:flRD4NNwYAUpkphVc1HcthR4KEIFJ65n8Mw5qdRn3LE=
github.com/kr/text v0.2.0 h1:5Nx0Ya0ZqY2ygV366QzturHI13Jq95ApcVaJBhpS+AY=
github.com/kr/text v0.2.0/go.mod h1:eLer722TekiGuMkidMxC/pM04lWEeraHUUmBw8l2grE=
github.com/mattn/go-colorable v0.1.9/go.mod h1:u6P/XSegPjTcexA+o6vUJrdnUu04hMope9wVRipJSqc=
github.com/mattn/go-colorable v0.1.13 h1:fFA4WZxdEF4tXPZVKMLwD8oUnCTTo08duU7wxecdEvA=
github.com/mattn/go-colorable v0.1.13/go.mod h1:7S9/ev0klgBDR4GtXTXX8a3vIGJpMovkB8vQcUbaXHg=
github.com/mattn/go-isatty v0.0.12/go.mod h1:cbi8OIDigv2wuxKPP5vlRcQ1OAZbq2CE4Kysco4FUpU=
github.com/mattn/go-isatty v0.0.14/go.mod h1:7GGIvUiUoEMVVmxf/4nioHXj79iQHKdU27kJ6hsGG94=
github.com/mattn/go-isatty v0.0.16/go.mod h1:kYGgaQfpe5nmfYZH+SKPsOc2e4SrIfOl2e/yFXSvRLM=
github.com/mattn/go-isatty v0.0.17 h1:BTarxUcIeDqL27Mc+vyvdWYSL28zpIhv3RoTdsLMPng=
github.com/mattn/go-isatty v0.0.17/go.mod h1:kYGgaQfpe5nmfYZH+SKPsOc2e4SrIfOl2e/yFXSvRLM=
github.com/oleiade/reflections v1.0.1 h1:D1XO3LVEYroYskEsoSiGItp9RUxG6jWnCVvrqH0HHQM=
github.com/pmezard/go-difflib v1.0.0 h1:4DBwDE0NGyQoBHbLQYPwSUPoCMWR5BEzIk/f1lZbAQM=
github.com/rivo/uniseg v0.4.3 h1:utMvzDsuh3suAEnhH0RdHmoPbU648o6CvXxTx4SBMOw=
github.com/rivo/uniseg v0.4.3/go.mod h1:FN3SvrM+Zdj16jyLfmOkMNblXMcoc8DfTHruCPUcx88=
github.com/rogpeppe/go-internal v1.9.0 h1:73kH8U+JUqXU8lRuOHeVHaa/SZPifC7BkcraZVejAe8=
github.com/rogpeppe/go-internal v1.9.0/go.mod h1:WtVeX8xhTBvf0smdhujwtBcq4Qrzq/fJaraNFVN+nFs=
github.com/stretchr/testify v1.8.0 h1:pSgiaMZlXftHpm5L7V1+rVB+AZJydKsMxsQBIJw4PKk=
github.com/vmihailenco/msgpack v4.0.4+incompatible h1:dSLoQfGFAo3F6OoNhwUmLwVgaUXK79GlxNBwueZn0xI=
go.etcd.io/bbolt v1.3.6 h1:/ecaJf0sk1l4l6V4awd65v2C3ILy7MSj+s/x1ADCIMU=
go.etcd.io/bbolt v1.3.6/go.mod h1:qXsaaIqmgQH0T+OPdb99Bf+PKfBBQVAdyD6TY9G8XM4=
golang.org/x/net v0.4.0 h1:Q5QPcMlvfxFTAPV0+07Xz/MpK9NTXu2VDUuy0FeMfaU=
golang.org/x/sys v0.0.0-20200116001909-b77594299b42/go.mod h1:h1NjWce9XRLGQEsW7wpKNCjG9DtNlClVuFLEZdDNbEs=
golang.org/x/sys v0.0.0-20200223170610-d5e6a3e2c0ae/go.mod h1:h1NjWce9XRLGQEsW7wpKNCjG9DtNlClVuFLEZdDNbEs=
golang.org/x/sys v0.0.0-20200923182605-d9f96fdee20d/go.mod h1:h1NjWce9XRLGQEsW7wpKNCjG9DtNlClVuFLEZdDNbEs=
golang.org/x/sys v0.0.0-20210630005230-0f9fa26af87c/go.mod h1:oPkhp1MJrh7nUepCBck5+mAzfO9JrbApNNgaTdGDITg=
golang.org/x/sys v0.0.0-20220811171246-fbc7d0a398ab/go.mod h1:oPkhp1MJrh7nUepCBck5+mAzfO9JrbApNNgaTdGDITg=
golang.org/x/sys v0.3.0 h1:w8ZOecv6NaNa/zC8944JTU3vz4u6Lagfk4RPQxv92NQ=
golang.org/x/sys v0.3.0/go.mod h1:oPkhp1MJrh7nUepCBck5+mAzfO9JrbApNNgaTdGDITg=
golang.org/x/xerrors v0.0.0-20191204190536-9bdfabe68543/go.mod h1:I/5z698sn9Ka8TeJc9MKroUUfqBBauWjQqLJ2OPfmY0=
google.golang.org/appengine v1.6.7 h1:FZR1q0exgwxzPzp/aF+VccGrSfxfPpkBqjIIEq3ru6c=
google.golang.org/protobuf v1.26.0-rc.1/go.mod h1:jlhhOSvTdKEhbULTjvd4ARK9grFBp09yW+WbY/TyQbw=
google.golang.org/protobuf v1.26.0/go.mod h1:9q0QmTI4eRPtz6boOQmLYwt+qCgq0jsYwAQnmE0givc=
google.golang.org/protobuf v1.28.1 h1:d0NfwRgPtno5B1Wa6L2DAG+KivqkdutMf1UhdNx175w=
google.golang.org/protobuf v1.28.1/go.mod h1:HV8QOd/L58Z+nl8r43ehVNZIU/HEI6OcFqwMG9pJV4I=
gopkg.in/check.v1 v1.0.0-20201130134442-10cb98267c6c h1:Hei/4ADfdWqJk1ZMxUNpqntNwaWcugrBjAiHlqqRiVk=
gopkg.in/yaml.v3 v3.0.1 h1:fxVm/GzAzEWqLHuvctI91KS9hhNmmWOoWu0XTYJS7CA=
