github.com/DanielRenne/GoCore/core v0.0.0-20221005154932-80ed3782034d h1:Mbeiq/unU0sytZlkPEDDOqLelFmezBFVe7ph8IpQUGA=
github.com/DanielRenne/GoCore/core v0.0.0-20221005154932-80ed3782034d/go.mod h1:u7FK+r3p8je0QqrweA/+CLZFHIlc0ESmA11x4QrwfQ4=
github.com/DanielRenne/GoCore/core/extensions v0.0.0-20221005162139-1fd99600b80d h1:5cjEYEPkUOEIzDGcNBoOyc3x4okpL5liKYoKum2K32Y=
github.com/DanielRenne/GoCore/core/extensions v0.0.0-20221005162139-1fd99600b80d/go.mod h1:98nXCbxueotrBzTZ3xJ61NxBJgeh9ZduFMV0qqZoMCY=
github.com/DanielRenne/GoCore/core/path v0.0.0-20221005162139-1fd99600b80d h1:o7cZ98wa1FGJeJq9ghByrmin2TsysmwLxJtrqiUizHs=
github.com/DanielRenne/GoCore/core/path v0.0.0-20221005162139-1fd99600b80d/go.mod h1:/xvJ8xSQDvZ7UuUymCjIwKlJwvWmpjz9IvkmY3RPvCk=
github.com/DanielRenne/GoCore/core/serverSettings v0.0.0-20221005162139-1fd99600b80d h1:smaP1C76o4XP7ClIr12VY9Cgbbj2aeCUXygH2kIlPhA=
github.com/DanielRenne/GoCore/core/serverSettings v0.0.0-20221005162139-1fd99600b80d/go.mod h1:x3eUFCEWNXhPjeWSFqENNNX60KrDg0Z+TOFp3+MKD8A=
github.com/davecgh/go-spew v1.1.0/go.mod h1:J7Y8YcW2NihsgmVo/mv3lAwl/skON4iLHjSsI+c5H38=
github.com/davecgh/go-spew v1.1.1 h1:vj9j/u1bqnvCEfJOwUhtlOARqs3+rkHYY13jYWTU97c=
github.com/davecgh/go-spew v1.1.1/go.mod h1:J7Y8YcW2NihsgmVo/mv3lAwl/skON4iLHjSsI+c5H38=
github.com/davidrenne/reflections v1.0.2 h1:sWtr/wTWk03jJM6o/NHWMavG6CnzBiq6w202BrpsP1c=
github.com/davidrenne/reflections v1.0.2/go.mod h1:S5gF7nIawJ1WKLi5m01QFu0QT+aGhYolMhSeSnYbwms=
github.com/forPelevin/gomoji v1.1.6 h1:mSIGhjyMiywuGFHR/6CLL/L6HwwDiQmYGdl1R9a/05w=
github.com/forPelevin/gomoji v1.1.6/go.mod h1:h31zCiwG8nIto/c9RmijODA1xgN2JSvwKfU7l65xeTk=
github.com/go-errors/errors v1.4.2 h1:J6MZopCL4uSllY1OfXM374weqZFFItUbrImctkmUxIA=
github.com/go-errors/errors v1.4.2/go.mod h1:sIVyrIiJhuEF+Pj9Ebtd6P/rEYROXFi3BopGUQ5a5Og=
github.com/oleiade/reflections v1.0.1 h1:D1XO3LVEYroYskEsoSiGItp9RUxG6jWnCVvrqH0HHQM=
github.com/oleiade/reflections v1.0.1/go.mod h1:rdFxbxq4QXVZWj0F+e9jqjDkc7dbp97vkRixKo2JR60=
github.com/pmezard/go-difflib v1.0.0 h1:4DBwDE0NGyQoBHbLQYPwSUPoCMWR5BEzIk/f1lZbAQM=
github.com/pmezard/go-difflib v1.0.0/go.mod h1:iKH77koFhYxTK1pcRnkKkqfTogsbg7gZNVY4sRDYZ/4=
github.com/rivo/uniseg v0.3.4 h1:3Z3Eu6FGHZWSfNKJTOUiPatWwfc7DzJRU04jFUqJODw=
github.com/rivo/uniseg v0.3.4/go.mod h1:FN3SvrM+Zdj16jyLfmOkMNblXMcoc8DfTHruCPUcx88=
github.com/stretchr/objx v0.1.0/go.mod h1:HFkY916IF+rwdDfMAkV7OtwuqBVzrE8GR6GFx+wExME=
github.com/stretchr/objx v0.4.0/go.mod h1:YvHI0jy2hoMjB+UWwv71VJQ9isScKT/TqJzVSSt89Yw=
github.com/stretchr/testify v1.6.1/go.mod h1:6Fq8oRcR53rry900zMqJjRRixrwX3KX962/h/Wwjteg=
github.com/stretchr/testify v1.7.1/go.mod h1:6Fq8oRcR53rry900zMqJjRRixrwX3KX962/h/Wwjteg=
github.com/stretchr/testify v1.8.0 h1:pSgiaMZlXftHpm5L7V1+rVB+AZJydKsMxsQBIJw4PKk=
github.com/stretchr/testify v1.8.0/go.mod h1:yNjHg4UonilssWZ8iaSj1OCr/vHnekPRkoO+kdMU+MU=
gopkg.in/check.v1 v0.0.0-20161208181325-20d25e280405/go.mod h1:Co6ibVJAznAaIkqp8huTwlJQCZ016jof/cbN4VW5Yz0=
gopkg.in/yaml.v3 v3.0.0-20200313102051-9f266ea9e77c/go.mod h1:K4uyk7z7BCEPqu6E+C64Yfv1cQ7kz7rIZviUmN+EgEM=
gopkg.in/yaml.v3 v3.0.1 h1:fxVm/GzAzEWqLHuvctI91KS9hhNmmWOoWu0XTYJS7CA=
gopkg.in/yaml.v3 v3.0.1/go.mod h1:K4uyk7z7BCEPqu6E+C64Yfv1cQ7kz7rIZviUmN+EgEM=
