github.com/DanielRenne/GoCore/core/extensions v0.0.0-20221005154932-80ed3782034d h1:1FEVD7dLMhD8IqmG4LEZWmCQnfZS/sTvDE/tsm8UScc=
github.com/DanielRenne/GoCore/core/extensions v0.0.0-20221005154932-80ed3782034d/go.mod h1:98nXCbxueotrBzTZ3xJ61NxBJgeh9ZduFMV0qqZoMCY=
github.com/DanielRenne/GoCore/core/extensions v0.0.0-20221005172157-944da386fb3a h1:3ss36e+2bkxZI5OKBKbxcTSiAWRj58MDzyX3P3avklU=
github.com/DanielRenne/GoCore/core/extensions v0.0.0-20221005172157-944da386fb3a/go.mod h1:f1b5mUjvVSF5s5XMRMGgP2S7XqOHSG+r0fjqlpCE4mo=
github.com/DanielRenne/GoCore/core/fileCache v0.0.0-20221005154932-80ed3782034d h1:S7CvofBuaivFgZ6AYLAAj+BrleVM20IgmxHM6C2dgJY=
github.com/DanielRenne/GoCore/core/fileCache v0.0.0-20221005154932-80ed3782034d/go.mod h1:Put/KAhkOwUbXYqW7IahgR89GCIY+bJnxjAWi/r44G0=
github.com/DanielRenne/GoCore/core/fileCache v0.0.0-20221005172157-944da386fb3a h1:NOPTo4Yw6fGdEkhWeA4RG2DwEJ9ZCyYV3UlZlG6dvbE=
github.com/DanielRenne/GoCore/core/fileCache v0.0.0-20221005172157-944da386fb3a/go.mod h1:eJ+m3kGs4HMXmfWrLMyYaI5NBw/g7qtdWftNUtbn6/o=
github.com/DanielRenne/GoCore/core/path v0.0.0-20221005154932-80ed3782034d h1:qjOdxL8PUf3b7HPtZFVPfEfSZIzMEWjHguvXvju9XEY=
github.com/DanielRenne/GoCore/core/path v0.0.0-20221005154932-80ed3782034d/go.mod h1:/xvJ8xSQDvZ7UuUymCjIwKlJwvWmpjz9IvkmY3RPvCk=
github.com/DanielRenne/GoCore/core/path v0.0.0-20221005172157-944da386fb3a h1:VBK3GcDP9bmZeU5KpoWLUnfUUHI4ArdwzguPYsMH7gI=
github.com/DanielRenne/GoCore/core/path v0.0.0-20221005172157-944da386fb3a/go.mod h1:/xvJ8xSQDvZ7UuUymCjIwKlJwvWmpjz9IvkmY3RPvCk=
github.com/DanielRenne/GoCore/core/serverSettings v0.0.0-20221005154932-80ed3782034d h1:uzppSVV+WyrxvbuVen5EUZ9ob2sUOda0CrOSd08E+Wg=
github.com/DanielRenne/GoCore/core/serverSettings v0.0.0-20221005154932-80ed3782034d/go.mod h1:x3eUFCEWNXhPjeWSFqENNNX60KrDg0Z+TOFp3+MKD8A=
github.com/DanielRenne/GoCore/core/serverSettings v0.0.0-20221005172157-944da386fb3a h1:MgglvVPA4OvEZAtOU0Knb5cYchiDrgIypkLyp4gYCi8=
github.com/DanielRenne/GoCore/core/serverSettings v0.0.0-20221005172157-944da386fb3a/go.mod h1:0rbm/c0GT9XlH8K0505dTRzCXzdtEffmZbv9Xu438eA=
github.com/DanielRenne/GoCore/core/utils v0.0.0-20221005154932-80ed3782034d h1:VeoX2SJkNpPshhJE7QdbCV1H7dDMAX7wuEASX1Eeea0=
github.com/DanielRenne/GoCore/core/utils v0.0.0-20221005154932-80ed3782034d/go.mod h1:x+sT2CJMq7bspuLeQkpNCtvkE0BYOfHVNOML9ZVT5KM=
github.com/DanielRenne/GoCore/core/utils v0.0.0-20221005172157-944da386fb3a h1:aRQ0do1YqDORRa3zCZ2M0BSTJUPkHQZEMO8hdofdw1o=
github.com/DanielRenne/GoCore/core/utils v0.0.0-20221005172157-944da386fb3a/go.mod h1:EKcqC4O/MmeuMdXUp6IP0WH6VhRoGdbPphyI71use+8=
github.com/DanielRenne/GoCore/core/zip v0.0.0-20221005154932-80ed3782034d h1:T2RH9p94ldRGRGuMs0HxgRsxtPfZQ8JyG+OVX9S29Rg=
github.com/DanielRenne/GoCore/core/zip v0.0.0-20221005154932-80ed3782034d/go.mod h1:Js/oSPf7ntiEJa1InU/xpKCKkabxXNqD5JkKed6NBRk=
github.com/forPelevin/gomoji v1.1.6 h1:mSIGhjyMiywuGFHR/6CLL/L6HwwDiQmYGdl1R9a/05w=
github.com/forPelevin/gomoji v1.1.6/go.mod h1:h31zCiwG8nIto/c9RmijODA1xgN2JSvwKfU7l65xeTk=
github.com/golang/groupcache v0.0.0-20210331224755-41bb18bfe9da h1:oI5xCqsCo564l8iNU+DwB5epxmsaqB+rhGL0m5jtYqE=
github.com/golang/groupcache v0.0.0-20210331224755-41bb18bfe9da/go.mod h1:cIg4eruTrX1D+g88fzRXU5OdNfaM+9IcxsU14FzY7Hc=
github.com/golang/protobuf v1.5.0/go.mod h1:FsONVRAS9T7sI+LIUmWTfcYkHO4aIWwzhcaSAoJOfIk=
github.com/golang/protobuf v1.5.2 h1:ROPKBNFfQgOUMifHyP+KYbvpjbdoFNs+aK7DXlji0Tw=
github.com/golang/protobuf v1.5.2/go.mod h1:XVQd3VNwM+JqD3oG2Ue2ip4fOMUkwXdXDdiuN0vRsmY=
github.com/google/go-cmp v0.5.5 h1:Khx7svrCpmxxtHBq5j2mp/xVjsi8hQMfNLvJFAlrGgU=
github.com/google/go-cmp v0.5.5/go.mod h1:v8dTdLbMG2kIc/vJvl+f65V22dbkXbowE6jgT/gNBxE=
github.com/rivo/uniseg v0.3.4 h1:3Z3Eu6FGHZWSfNKJTOUiPatWwfc7DzJRU04jFUqJODw=
github.com/rivo/uniseg v0.3.4/go.mod h1:FN3SvrM+Zdj16jyLfmOkMNblXMcoc8DfTHruCPUcx88=
github.com/rivo/uniseg v0.4.2 h1:YwD0ulJSJytLpiaWua0sBDusfsCZohxjxzVTYjwxfV8=
github.com/rivo/uniseg v0.4.2/go.mod h1:FN3SvrM+Zdj16jyLfmOkMNblXMcoc8DfTHruCPUcx88=
golang.org/x/xerrors v0.0.0-20191204190536-9bdfabe68543 h1:E7g+9GITq07hpfrRu66IVDexMakfv52eLZ2CXBWiKr4=
golang.org/x/xerrors v0.0.0-20191204190536-9bdfabe68543/go.mod h1:I/5z698sn9Ka8TeJc9MKroUUfqBBauWjQqLJ2OPfmY0=
google.golang.org/protobuf v1.26.0-rc.1/go.mod h1:jlhhOSvTdKEhbULTjvd4ARK9grFBp09yW+WbY/TyQbw=
google.golang.org/protobuf v1.26.0 h1:bxAC2xTBsZGibn2RTntX0oH50xLsqy1OxA9tTL3p/lk=
google.golang.org/protobuf v1.26.0/go.mod h1:9q0QmTI4eRPtz6boOQmLYwt+qCgq0jsYwAQnmE0givc=
google.golang.org/protobuf v1.28.1 h1:d0NfwRgPtno5B1Wa6L2DAG+KivqkdutMf1UhdNx175w=
google.golang.org/protobuf v1.28.1/go.mod h1:HV8QOd/L58Z+nl8r43ehVNZIU/HEI6OcFqwMG9pJV4I=
