github.com/DanielRenne/GoCore/core v0.0.0-20221006033550-a4b7beccbc87 h1:+ila1qfvIk4RGiMQsC6/FW6IWwi3NuJD55Me5kTg79g=
github.com/DanielRenne/GoCore/core v0.0.0-20221006033550-a4b7beccbc87/go.mod h1:mcqh8ZJRJXrIN8r08fdZlOJonuiltrE5Ziu/BywjAr4=
github.com/DanielRenne/GoCore/core/extensions v0.0.0-20221214095338-6f1e84aaa301 h1:Q4o9vkzs5KJ89wS/FXPNj519rJ4cQnDUgp1WklFA0Sc=
github.com/DanielRenne/GoCore/core/extensions v0.0.0-20221214095338-6f1e84aaa301/go.mod h1:ywraOX8cSLbojCgxjzRXn1QVJSwze8gy+lVToq+L6Zc=
github.com/DanielRenne/GoCore/core/fileCache v0.0.0-20221218012518-5f511e3dd7f1 h1:OCipVtZE7zYoiSIlg6dGI4PUBcy2OcZUhMK5c1Nm0TQ=
github.com/DanielRenne/GoCore/core/fileCache v0.0.0-20221218012518-5f511e3dd7f1/go.mod h1:CdfmmVxdXUjZjVC1naOivjvm4zq45mnGq/EDdFhmnoQ=
github.com/DanielRenne/GoCore/core/path v0.0.0-20221214095338-6f1e84aaa301 h1:qk3/0jZv0GNNVyewUkKqaJ7jJEQRTeiebxKCZQCjbkk=
github.com/DanielRenne/GoCore/core/path v0.0.0-20221214095338-6f1e84aaa301/go.mod h1:/xvJ8xSQDvZ7UuUymCjIwKlJwvWmpjz9IvkmY3RPvCk=
github.com/DanielRenne/GoCore/core/serverSettings v0.0.0-20221214095338-6f1e84aaa301 h1:wToiFt0MYpibNrAFEGaB+d/n3rYqgN5LJeABoL8UGBY=
github.com/DanielRenne/GoCore/core/serverSettings v0.0.0-20221214095338-6f1e84aaa301/go.mod h1:E0Uluma2CWghujvENaTBgYSQKSSmwuanm4H7UhXZOPc=
github.com/DanielRenne/GoCore/core/utils v0.0.0-20221214095338-6f1e84aaa301 h1:N8FBZygeyfkDOptbq3iVXNUUz6ahqn78abREYppi2xQ=
github.com/DanielRenne/GoCore/core/utils v0.0.0-20221214095338-6f1e84aaa301/go.mod h1:c+KbYCnqzcUjvD03OBsNetrvD1jt6IXpKV0h5QjGJtI=
github.com/DanielRenne/GoCore/core/zip v0.0.0-20221005154932-80ed3782034d h1:T2RH9p94ldRGRGuMs0HxgRsxtPfZQ8JyG+OVX9S29Rg=
github.com/DanielRenne/GoCore/core/zip v0.0.0-20221005154932-80ed3782034d/go.mod h1:Js/oSPf7ntiEJa1InU/xpKCKkabxXNqD5JkKed6NBRk=
github.com/davecgh/go-spew v1.1.1 h1:vj9j/u1bqnvCEfJOwUhtlOARqs3+rkHYY13jYWTU97c=
github.com/davecgh/go-spew v1.1.1/go.mod h1:J7Y8YcW2NihsgmVo/mv3lAwl/skON4iLHjSsI+c5H38=
github.com/davidrenne/reflections v1.0.2 h1:sWtr/wTWk03jJM6o/NHWMavG6CnzBiq6w202BrpsP1c=
github.com/davidrenne/reflections v1.0.2/go.mod h1:S5gF7nIawJ1WKLi5m01QFu0QT+aGhYolMhSeSnYbwms=
github.com/forPelevin/gomoji v1.1.8 h1:JElzDdt0TyiUlecy6PfITDL6eGvIaxqYH1V52zrd0qQ=
github.com/forPelevin/gomoji v1.1.8/go.mod h1:8+Z3KNGkdslmeGZBC3tCrwMrcPy5GRzAD+gL9NAwMXg=
github.com/go-errors/errors v1.4.2 h1:J6MZopCL4uSllY1OfXM374weqZFFItUbrImctkmUxIA=
github.com/go-errors/errors v1.4.2/go.mod h1:sIVyrIiJhuEF+Pj9Ebtd6P/rEYROXFi3BopGUQ5a5Og=
github.com/golang/groupcache v0.0.0-20210331224755-41bb18bfe9da h1:oI5xCqsCo564l8iNU+DwB5epxmsaqB+rhGL0m5jtYqE=
github.com/golang/groupcache v0.0.0-20210331224755-41bb18bfe9da/go.mod h1:cIg4eruTrX1D+g88fzRXU5OdNfaM+9IcxsU14FzY7Hc=
github.com/golang/protobuf v1.5.0/go.mod h1:FsONVRAS9T7sI+LIUmWTfcYkHO4aIWwzhcaSAoJOfIk=
github.com/golang/protobuf v1.5.2 h1:ROPKBNFfQgOUMifHyP+KYbvpjbdoFNs+aK7DXlji0Tw=
github.com/golang/protobuf v1.5.2/go.mod h1:XVQd3VNwM+JqD3oG2Ue2ip4fOMUkwXdXDdiuN0vRsmY=
github.com/google/go-cmp v0.5.5 h1:Khx7svrCpmxxtHBq5j2mp/xVjsi8hQMfNLvJFAlrGgU=
github.com/google/go-cmp v0.5.5/go.mod h1:v8dTdLbMG2kIc/vJvl+f65V22dbkXbowE6jgT/gNBxE=
github.com/oleiade/reflections v1.0.1 h1:D1XO3LVEYroYskEsoSiGItp9RUxG6jWnCVvrqH0HHQM=
github.com/pmezard/go-difflib v1.0.0 h1:4DBwDE0NGyQoBHbLQYPwSUPoCMWR5BEzIk/f1lZbAQM=
github.com/pmezard/go-difflib v1.0.0/go.mod h1:iKH77koFhYxTK1pcRnkKkqfTogsbg7gZNVY4sRDYZ/4=
github.com/rivo/uniseg v0.4.3 h1:utMvzDsuh3suAEnhH0RdHmoPbU648o6CvXxTx4SBMOw=
github.com/rivo/uniseg v0.4.3/go.mod h1:FN3SvrM+Zdj16jyLfmOkMNblXMcoc8DfTHruCPUcx88=
github.com/stretchr/testify v1.8.0 h1:pSgiaMZlXftHpm5L7V1+rVB+AZJydKsMxsQBIJw4PKk=
golang.org/x/xerrors v0.0.0-20191204190536-9bdfabe68543 h1:E7g+9GITq07hpfrRu66IVDexMakfv52eLZ2CXBWiKr4=
golang.org/x/xerrors v0.0.0-20191204190536-9bdfabe68543/go.mod h1:I/5z698sn9Ka8TeJc9MKroUUfqBBauWjQqLJ2OPfmY0=
google.golang.org/protobuf v1.26.0-rc.1/go.mod h1:jlhhOSvTdKEhbULTjvd4ARK9grFBp09yW+WbY/TyQbw=
google.golang.org/protobuf v1.26.0/go.mod h1:9q0QmTI4eRPtz6boOQmLYwt+qCgq0jsYwAQnmE0givc=
google.golang.org/protobuf v1.28.1 h1:d0NfwRgPtno5B1Wa6L2DAG+KivqkdutMf1UhdNx175w=
google.golang.org/protobuf v1.28.1/go.mod h1:HV8QOd/L58Z+nl8r43ehVNZIU/HEI6OcFqwMG9pJV4I=
gopkg.in/check.v1 v0.0.0-20161208181325-20d25e280405/go.mod h1:Co6ibVJAznAaIkqp8huTwlJQCZ016jof/cbN4VW5Yz0=
gopkg.in/yaml.v3 v3.0.1 h1:fxVm/GzAzEWqLHuvctI91KS9hhNmmWOoWu0XTYJS7CA=
gopkg.in/yaml.v3 v3.0.1/go.mod h1:K4uyk7z7BCEPqu6E+C64Yfv1cQ7kz7rIZviUmN+EgEM=
