github.com/DanielRenne/GoCore/core/path v0.0.0-20221229213842-589c9effe65e h1:YF8ter7XPhsz/Z8vyRiHVhkK9dQnFaYLl9MnMBRTK6w=
github.com/DanielRenne/GoCore/core/path v0.0.0-20221229213842-589c9effe65e/go.mod h1:/xvJ8xSQDvZ7UuUymCjIwKlJwvWmpjz9IvkmY3RPvCk=
github.com/DanielRenne/GoCore/core/serverSettings v0.0.0-20221229213842-589c9effe65e h1:VLOPsXGcamZh/TI+oq4mwww+iDfrTd3fvALXvJAFHt4=
github.com/DanielRenne/GoCore/core/serverSettings v0.0.0-20221229213842-589c9effe65e/go.mod h1:zI7665PXeaDVV+yVuT5EFiNd3NO0P0FzMNltVLC/OeI=
