github.com/DanielRenne/GoCore/core/path v0.0.0-20221005154118-077b76f14268 h1:qacDv6GKEQ0uZBotl++jHTsJ/QTWaA0ace+QsiPHP+U=
github.com/DanielRenne/GoCore/core/path v0.0.0-20221005154118-077b76f14268/go.mod h1:/xvJ8xSQDvZ7UuUymCjIwKlJwvWmpjz9IvkmY3RPvCk=
github.com/DanielRenne/GoCore/core/serverSettings v0.0.0-20221005154118-077b76f14268 h1:EeNOMMDKfXAVdTbx5CkhilEY8KCG+tczYm4MBEy14Ao=
github.com/DanielRenne/GoCore/core/serverSettings v0.0.0-20221005154118-077b76f14268/go.mod h1:x3eUFCEWNXhPjeWSFqENNNX60KrDg0Z+TOFp3+MKD8A=
