github.com/forPelevin/gomoji v1.1.6 h1:mSIGhjyMiywuGFHR/6CLL/L6HwwDiQmYGdl1R9a/05w=
github.com/forPelevin/gomoji v1.1.6/go.mod h1:h31zCiwG8nIto/c9RmijODA1xgN2JSvwKfU7l65xeTk=
github.com/rivo/uniseg v0.3.4 h1:3Z3Eu6FGHZWSfNKJTOUiPatWwfc7DzJRU04jFUqJODw=
github.com/rivo/uniseg v0.3.4/go.mod h1:FN3SvrM+Zdj16jyLfmOkMNblXMcoc8DfTHruCPUcx88=
github.com/rivo/uniseg v0.4.2 h1:YwD0ulJSJytLpiaWua0sBDusfsCZohxjxzVTYjwxfV8=
github.com/rivo/uniseg v0.4.2/go.mod h1:FN3SvrM+Zdj16jyLfmOkMNblXMcoc8DfTHruCPUcx88=
