github.com/DanielRenne/GoCore/core/appGen v0.0.0-20230702111012-e8adc1b35e5a h1:a0+OW6kDA8Aemivw+1JfPRqMIp695RSiiYiZDVO6k14=
github.com/DanielRenne/GoCore/core/appGen v0.0.0-20230702111012-e8adc1b35e5a/go.mod h1:riVayanQemQePJzLQcbowYLGGw7BSKx17JBPAmJYUtM=
github.com/DanielRenne/GoCore/core/atomicTypes v0.0.0-20230512224548-5dab4387b99a h1:pvGb8X1Xk3sJDhRC56ZAH28L7JOlVdyRq+OUaOcnd7c=
github.com/DanielRenne/GoCore/core/atomicTypes v0.0.0-20230512224548-5dab4387b99a/go.mod h1:QyDH9vWW1+e7fbDWpTu/WPmbdKDr8z57nhTb/8tdmDg=
github.com/DanielRenne/GoCore/core/dbServices v0.0.0-20230512224548-5dab4387b99a h1:vWPk2O9ChnM+0u9AIyU9TA2QmGbznuTfNU3EHjmO/WU=
github.com/DanielRenne/GoCore/core/dbServices v0.0.0-20230512224548-5dab4387b99a/go.mod h1:l/zbWcvMVBuiA9Tzg5FklY/bWnmRTrUfjgSIfm5QkLE=
github.com/DanielRenne/GoCore/core/dbServices/bolt/stubs v0.0.0-20230702111012-e8adc1b35e5a h1:j9mJX1RdRR93Nhn37fcGvxgjT9VGlxmCoyRNbDL9+OQ=
github.com/DanielRenne/GoCore/core/dbServices/bolt/stubs v0.0.0-20230702111012-e8adc1b35e5a/go.mod h1:YvuKqN82jPAThJObtfZLpt5h/aFIJKZXVNmHgfp7ntc=
github.com/DanielRenne/GoCore/core/dbServices/common/stubs v0.0.0-20230702111012-e8adc1b35e5a h1:GZjXmZns4mFBOp+P4YKV0b0SspmDP4A2lkgQLCdVdzA=
github.com/DanielRenne/GoCore/core/dbServices/common/stubs v0.0.0-20230702111012-e8adc1b35e5a/go.mod h1:pI9sj+LTUOqignaRjepdwwOeF/NfrLBulMGRqOBvLu4=
github.com/DanielRenne/GoCore/core/dbServices/mongo/stubs v0.0.0-20230702111012-e8adc1b35e5a h1:jxgvwAKfk6RP1l7FC3vixDGGQ5U8d+oVcPCnMFLlE90=
github.com/DanielRenne/GoCore/core/dbServices/mongo/stubs v0.0.0-20230702111012-e8adc1b35e5a/go.mod h1:6oGsmEiE8gompFm8260nWpIKORD6kOD5tespyGzW99k=
github.com/DanielRenne/GoCore/core/extensions v0.0.0-20230512224548-5dab4387b99a h1:zvcHsqjuOsyDsHWgCSbe5VEMBOLkNmtPQv2wPDP2i8Y=
github.com/DanielRenne/GoCore/core/extensions v0.0.0-20230512224548-5dab4387b99a/go.mod h1:KC6J3IX9FKk4+tYJGmZRAslBdpws22xf9PI5gTWYYFU=
github.com/DanielRenne/GoCore/core/logger v0.0.0-20230512224548-5dab4387b99a h1:Bz96zol+Ud37Qymdm9bJmsUt9Hb8FRVhD61P9AmwEME=
github.com/DanielRenne/GoCore/core/logger v0.0.0-20230512224548-5dab4387b99a/go.mod h1:T0p1G60njjddeW3/YniYB/kxXet3lZ45UoS17vccE6E=
github.com/DanielRenne/GoCore/core/path v0.0.0-20230702111012-e8adc1b35e5a h1:Mt4po1sYpcFDu3lqKUkRBYILRAfOL6F00GrEcFxuZgA=
github.com/DanielRenne/GoCore/core/path v0.0.0-20230702111012-e8adc1b35e5a/go.mod h1:/xvJ8xSQDvZ7UuUymCjIwKlJwvWmpjz9IvkmY3RPvCk=
github.com/DanielRenne/GoCore/core/serverSettings v0.0.0-20230512224548-5dab4387b99a h1:B5ft91xzL1ifnzAC/vKqXSSc3EBPi3X5jrXkQeoKTt4=
github.com/DanielRenne/GoCore/core/serverSettings v0.0.0-20230512224548-5dab4387b99a/go.mod h1:EgEn07rpoZ4hH7AI3NJf2x6bwfvkkW6rSR1shfMScj4=
github.com/DanielRenne/GoCore/core/utils v0.0.0-20230512224548-5dab4387b99a h1:jMWFLOOBibmIIr1zdL+r/jg38YbXPRFhjPMOcicQV5s=
github.com/DanielRenne/GoCore/core/utils v0.0.0-20230512224548-5dab4387b99a/go.mod h1:wdfh2nZuYWldteaNKj24gDIKOpu9UAv4C2seiKxcHkY=
github.com/DataDog/zstd v1.5.2 h1:vUG4lAyuPCXO0TLbXvPv7EB7cNK1QV/luu55UHLrrn8=
github.com/MakeNowJust/heredoc v1.0.0 h1:cXCdzVdstXyiTqTvfqk9SDHpKNjxuom+DOlyEeQ4pzQ=
github.com/Sereal/Sereal v0.0.0-20220903133728-b4d312952c4c h1:fZYZayNeQmCugRjmTWQFoCpon0iFbESYOpNdMCsf5sQ=
github.com/asdine/storm v2.1.2+incompatible h1:dczuIkyqwY2LrtXPz8ixMrU/OFgZp71kbKTHGrXYt/Q=
github.com/asdine/storm v2.1.2+incompatible/go.mod h1:RarYDc9hq1UPLImuiXK3BIWPJLdIygvV3PsInK0FbVQ=
github.com/creack/pty v1.1.9/go.mod h1:oKZEueFk5CKHvIhNR5MUki03XCEU+Q6VDXinZuGJ33E=
github.com/davecgh/go-spew v1.1.1 h1:vj9j/u1bqnvCEfJOwUhtlOARqs3+rkHYY13jYWTU97c=
github.com/davidrenne/heredoc v0.0.0-20161006151009-80dc836e596c h1:QhLG0pk12HPQiYhQcktbrXJEE9ro1nCe8T6Bq9WyXhw=
github.com/davidrenne/heredoc v0.0.0-20161006151009-80dc836e596c/go.mod h1:g2DVQ2XYqra4/8ioC/Qw7Y7eqwcSMo1X1bmYt+AFklw=
github.com/fatih/color v1.15.0 h1:kOqh6YHBtK8aywxGerMG2Eq3H6Qgoqeo13Bk2Mv/nBs=
github.com/fatih/color v1.15.0/go.mod h1:0h5ZqXfHYED7Bhv2ZJamyIOUej9KtShiJESRwBDUSsw=
github.com/forPelevin/gomoji v1.1.8 h1:JElzDdt0TyiUlecy6PfITDL6eGvIaxqYH1V52zrd0qQ=
github.com/forPelevin/gomoji v1.1.8/go.mod h1:8+Z3KNGkdslmeGZBC3tCrwMrcPy5GRzAD+gL9NAwMXg=
github.com/globalsign/mgo v0.0.0-20181015135952-eeefdecb41b8 h1:DujepqpGd1hyOd7aW59XpK7Qymp8iy83xq74fLr21is=
github.com/globalsign/mgo v0.0.0-20181015135952-eeefdecb41b8/go.mod h1:xkRDCp4j0OGD1HRkm4kmhM+pmpv3AKq5SU7GMg4oO/Q=
github.com/golang/protobuf v1.5.0/go.mod h1:FsONVRAS9T7sI+LIUmWTfcYkHO4aIWwzhcaSAoJOfIk=
github.com/golang/protobuf v1.5.2 h1:ROPKBNFfQgOUMifHyP+KYbvpjbdoFNs+aK7DXlji0Tw=
github.com/golang/snappy v0.0.4 h1:yAGX7huGHXlcLOEtBnF4w7FQwA26wojNCwOYAEhLjQM=
github.com/google/go-cmp v0.5.5/go.mod h1:v8dTdLbMG2kIc/vJvl+f65V22dbkXbowE6jgT/gNBxE=
github.com/google/go-cmp v0.5.9 h1:O2Tfq5qg4qc4AmwVlvv0oLiVAGB7enBSJ2x2DqQFi38=
github.com/google/go-cmp v0.5.9/go.mod h1:17dUlkBOakJ0+DkrSSNjCkIjxS6bF9zb3elmeNGIjoY=
github.com/kr/pretty v0.2.1 h1:Fmg33tUaq4/8ym9TJN1x7sLJnHVwhP33CNkpYV/7rwI=
github.com/kr/text v0.2.0 h1:5Nx0Ya0ZqY2ygV366QzturHI13Jq95ApcVaJBhpS+AY=
github.com/kr/text v0.2.0/go.mod h1:eLer722TekiGuMkidMxC/pM04lWEeraHUUmBw8l2grE=
github.com/mattn/go-colorable v0.1.13 h1:fFA4WZxdEF4tXPZVKMLwD8oUnCTTo08duU7wxecdEvA=
github.com/mattn/go-colorable v0.1.13/go.mod h1:7S9/ev0klgBDR4GtXTXX8a3vIGJpMovkB8vQcUbaXHg=
github.com/mattn/go-isatty v0.0.16/go.mod h1:kYGgaQfpe5nmfYZH+SKPsOc2e4SrIfOl2e/yFXSvRLM=
github.com/mattn/go-isatty v0.0.19 h1:JITubQf0MOLdlGRuRq+jtsDlekdYPia9ZFsB8h/APPA=
github.com/mattn/go-isatty v0.0.19/go.mod h1:W+V8PltTTMOvKvAeJH7IuucS94S2C6jfK/D7dTCTo3Y=
github.com/pmezard/go-difflib v1.0.0 h1:4DBwDE0NGyQoBHbLQYPwSUPoCMWR5BEzIk/f1lZbAQM=
github.com/rivo/uniseg v0.4.4 h1:8TfxU8dW6PdqD27gjM8MVNuicgxIjxpm4K7x4jp8sis=
github.com/rivo/uniseg v0.4.4/go.mod h1:FN3SvrM+Zdj16jyLfmOkMNblXMcoc8DfTHruCPUcx88=
github.com/stretchr/testify v1.8.1 h1:w7B6lhMri9wdJUVmEZPGGhZzrYTPvgJArz7wNPgYKsk=
github.com/vmihailenco/msgpack v4.0.4+incompatible h1:dSLoQfGFAo3F6OoNhwUmLwVgaUXK79GlxNBwueZn0xI=
go.etcd.io/bbolt v1.3.7 h1:j+zJOnnEjF/kyHlDDgGnVL/AIqIJPq8UoB2GSNfkUfQ=
go.etcd.io/bbolt v1.3.7/go.mod h1:N9Mkw9X8x5fupy0IKsmuqVtoGDyxsaDlbk4Rd05IAQw=
golang.org/x/net v0.4.0 h1:Q5QPcMlvfxFTAPV0+07Xz/MpK9NTXu2VDUuy0FeMfaU=
golang.org/x/net v0.4.0/go.mod h1:MBQ8lrhLObU/6UmLb4fmbmk5OcyYmqtbGd/9yIeKjEE=
golang.org/x/sys v0.0.0-20220811171246-fbc7d0a398ab/go.mod h1:oPkhp1MJrh7nUepCBck5+mAzfO9JrbApNNgaTdGDITg=
golang.org/x/sys v0.6.0/go.mod h1:oPkhp1MJrh7nUepCBck5+mAzfO9JrbApNNgaTdGDITg=
golang.org/x/sys v0.9.0 h1:KS/R3tvhPqvJvwcKfnBHJwwthS11LRhmM5D59eEXa0s=
golang.org/x/sys v0.9.0/go.mod h1:oPkhp1MJrh7nUepCBck5+mAzfO9JrbApNNgaTdGDITg=
golang.org/x/xerrors v0.0.0-20191204190536-9bdfabe68543/go.mod h1:I/5z698sn9Ka8TeJc9MKroUUfqBBauWjQqLJ2OPfmY0=
google.golang.org/appengine v1.6.7 h1:FZR1q0exgwxzPzp/aF+VccGrSfxfPpkBqjIIEq3ru6c=
google.golang.org/protobuf v1.26.0-rc.1/go.mod h1:jlhhOSvTdKEhbULTjvd4ARK9grFBp09yW+WbY/TyQbw=
google.golang.org/protobuf v1.28.1 h1:d0NfwRgPtno5B1Wa6L2DAG+KivqkdutMf1UhdNx175w=
google.golang.org/protobuf v1.28.1/go.mod h1:HV8QOd/L58Z+nl8r43ehVNZIU/HEI6OcFqwMG9pJV4I=
gopkg.in/check.v1 v1.0.0-20201130134442-10cb98267c6c h1:Hei/4ADfdWqJk1ZMxUNpqntNwaWcugrBjAiHlqqRiVk=
gopkg.in/yaml.v3 v3.0.1 h1:fxVm/GzAzEWqLHuvctI91KS9hhNmmWOoWu0XTYJS7CA=
