github.com/DanielRenne/GoCore/core/appGen v0.0.0-20221230220400-0d0b96574dc8 h1:Z2wLUPhAYTGw/9fGV1TBMg4mNPQhxb7NJ4TE6+pr+CE=
github.com/DanielRenne/GoCore/core/appGen v0.0.0-20221230220400-0d0b96574dc8/go.mod h1:38JSUvun0hRBDbXjDjosn+VDKf6dInqOl2mjhTEULno=
github.com/DanielRenne/GoCore/core/atomicTypes v0.0.0-20221230214907-6a01b3c95765 h1:VsSCovCoAC8mCioWWQeO9jWok/qNGcSrhtq/DXt8fxU=
github.com/DanielRenne/GoCore/core/atomicTypes v0.0.0-20221230214907-6a01b3c95765/go.mod h1:QyDH9vWW1+e7fbDWpTu/WPmbdKDr8z57nhTb/8tdmDg=
github.com/DanielRenne/GoCore/core/dbServices v0.0.0-20221230220400-0d0b96574dc8 h1:sEEUmM6YcVaaTHPVyhe0V5sxOaYrO7rNjNsdprvLbPo=
github.com/DanielRenne/GoCore/core/dbServices v0.0.0-20221230220400-0d0b96574dc8/go.mod h1:QLMSpYgtqITd6WhPeLj92UTbd9uhQJdLJfGXvWfQa7c=
github.com/DanielRenne/GoCore/core/dbServices/bolt/stubs v0.0.0-20221230214907-6a01b3c95765 h1:BMZ9pKAbBeVDmRFemfUXzNL0k5ANL227BQqSKIt+R9g=
github.com/DanielRenne/GoCore/core/dbServices/bolt/stubs v0.0.0-20221230214907-6a01b3c95765/go.mod h1:YvuKqN82jPAThJObtfZLpt5h/aFIJKZXVNmHgfp7ntc=
github.com/DanielRenne/GoCore/core/dbServices/common/stubs v0.0.0-20221230214907-6a01b3c95765 h1:HC/sbQ2I5sOQC1bOWfOhuf55gyFFyEi1TuEyFqXozHY=
github.com/DanielRenne/GoCore/core/dbServices/common/stubs v0.0.0-20221230214907-6a01b3c95765/go.mod h1:pI9sj+LTUOqignaRjepdwwOeF/NfrLBulMGRqOBvLu4=
github.com/DanielRenne/GoCore/core/dbServices/mongo/stubs v0.0.0-20221230214907-6a01b3c95765 h1:x0Phw/A5kTvK1fcp21LZWh27M9gv/aUVsBLXXS9XxzI=
github.com/DanielRenne/GoCore/core/dbServices/mongo/stubs v0.0.0-20221230214907-6a01b3c95765/go.mod h1:6oGsmEiE8gompFm8260nWpIKORD6kOD5tespyGzW99k=
github.com/DanielRenne/GoCore/core/extensions v0.0.0-20221230214907-6a01b3c95765 h1:bn0ui4yffswfQxNAfQOoFnRaZrC3nhZB2l0SSbeW2F4=
github.com/DanielRenne/GoCore/core/extensions v0.0.0-20221230214907-6a01b3c95765/go.mod h1:6gaxFzpuy3c3l/q0gRWar1ry0ZSbopm7clbGYLCjkGU=
github.com/DanielRenne/GoCore/core/logger v0.0.0-20221230214907-6a01b3c95765 h1:E3885AkbKs+QuqHKOrto70ZgX4WBgQOjKFOOcvWwGOc=
github.com/DanielRenne/GoCore/core/logger v0.0.0-20221230214907-6a01b3c95765/go.mod h1:CqxX3ISpHtGqDgP0wm0LrtbHXxLOeI9OhaHt0Gcrlzc=
github.com/DanielRenne/GoCore/core/path v0.0.0-20221230214907-6a01b3c95765 h1:0v5ats02tdvm78Xes6wwzqfrvi8FuS2VV0kUPOp5CGU=
github.com/DanielRenne/GoCore/core/path v0.0.0-20221230214907-6a01b3c95765/go.mod h1:/xvJ8xSQDvZ7UuUymCjIwKlJwvWmpjz9IvkmY3RPvCk=
github.com/DanielRenne/GoCore/core/serverSettings v0.0.0-20221230214907-6a01b3c95765 h1:scJN8LBn/8hSiFvoZzpWcLqbl5Rmau/MARFb05eZk+4=
github.com/DanielRenne/GoCore/core/serverSettings v0.0.0-20221230214907-6a01b3c95765/go.mod h1:zHsITF/d3/bm9kaS42bHl7kn98iQQFFAHBmp5RHKG5Y=
github.com/DanielRenne/GoCore/core/serverSettings v0.0.0-20221230220400-0d0b96574dc8 h1:IRxf9Xp60BXrzXwY3p1bkZDk/e9c2vj0L+iet8RJZIE=
github.com/DanielRenne/GoCore/core/serverSettings v0.0.0-20221230220400-0d0b96574dc8/go.mod h1:suFtOBn+qUyj6JVOoWhIOsY+EU66UIQ4BDKWQIA1oL8=
github.com/DanielRenne/GoCore/core/utils v0.0.0-20221230214643-d0e77c1f8488 h1:ULedyAEr95mOhJ3eYbQ1a0vcmJZOg7Ln/BSRpnZzzgA=
github.com/DanielRenne/GoCore/core/utils v0.0.0-20221230214643-d0e77c1f8488/go.mod h1:eOcBPpX05lVjTR/z66u0DJCeIY40Pg7V0xx3V5RmEk4=
github.com/asdine/storm v2.1.2+incompatible h1:dczuIkyqwY2LrtXPz8ixMrU/OFgZp71kbKTHGrXYt/Q=
github.com/asdine/storm v2.1.2+incompatible/go.mod h1:RarYDc9hq1UPLImuiXK3BIWPJLdIygvV3PsInK0FbVQ=
github.com/davidrenne/heredoc v0.0.0-20161006151009-80dc836e596c h1:QhLG0pk12HPQiYhQcktbrXJEE9ro1nCe8T6Bq9WyXhw=
github.com/davidrenne/heredoc v0.0.0-20161006151009-80dc836e596c/go.mod h1:g2DVQ2XYqra4/8ioC/Qw7Y7eqwcSMo1X1bmYt+AFklw=
github.com/fatih/color v1.13.0 h1:8LOYc1KYPPmyKMuN8QV2DNRWNbLo6LZ0iLs8+mlH53w=
github.com/fatih/color v1.13.0/go.mod h1:kLAiJbzzSOZDVNGyDpeOxJ47H46qBXwg5ILebYFFOfk=
github.com/forPelevin/gomoji v1.1.8 h1:JElzDdt0TyiUlecy6PfITDL6eGvIaxqYH1V52zrd0qQ=
github.com/forPelevin/gomoji v1.1.8/go.mod h1:8+Z3KNGkdslmeGZBC3tCrwMrcPy5GRzAD+gL9NAwMXg=
github.com/globalsign/mgo v0.0.0-20181015135952-eeefdecb41b8 h1:DujepqpGd1hyOd7aW59XpK7Qymp8iy83xq74fLr21is=
github.com/globalsign/mgo v0.0.0-20181015135952-eeefdecb41b8/go.mod h1:xkRDCp4j0OGD1HRkm4kmhM+pmpv3AKq5SU7GMg4oO/Q=
github.com/mattn/go-colorable v0.1.9/go.mod h1:u6P/XSegPjTcexA+o6vUJrdnUu04hMope9wVRipJSqc=
github.com/mattn/go-colorable v0.1.13 h1:fFA4WZxdEF4tXPZVKMLwD8oUnCTTo08duU7wxecdEvA=
github.com/mattn/go-colorable v0.1.13/go.mod h1:7S9/ev0klgBDR4GtXTXX8a3vIGJpMovkB8vQcUbaXHg=
github.com/mattn/go-isatty v0.0.12/go.mod h1:cbi8OIDigv2wuxKPP5vlRcQ1OAZbq2CE4Kysco4FUpU=
github.com/mattn/go-isatty v0.0.14/go.mod h1:7GGIvUiUoEMVVmxf/4nioHXj79iQHKdU27kJ6hsGG94=
github.com/mattn/go-isatty v0.0.16/go.mod h1:kYGgaQfpe5nmfYZH+SKPsOc2e4SrIfOl2e/yFXSvRLM=
github.com/mattn/go-isatty v0.0.17 h1:BTarxUcIeDqL27Mc+vyvdWYSL28zpIhv3RoTdsLMPng=
github.com/mattn/go-isatty v0.0.17/go.mod h1:kYGgaQfpe5nmfYZH+SKPsOc2e4SrIfOl2e/yFXSvRLM=
github.com/rivo/uniseg v0.4.3 h1:utMvzDsuh3suAEnhH0RdHmoPbU648o6CvXxTx4SBMOw=
github.com/rivo/uniseg v0.4.3/go.mod h1:FN3SvrM+Zdj16jyLfmOkMNblXMcoc8DfTHruCPUcx88=
go.etcd.io/bbolt v1.3.6 h1:/ecaJf0sk1l4l6V4awd65v2C3ILy7MSj+s/x1ADCIMU=
go.etcd.io/bbolt v1.3.6/go.mod h1:qXsaaIqmgQH0T+OPdb99Bf+PKfBBQVAdyD6TY9G8XM4=
golang.org/x/sys v0.0.0-20200116001909-b77594299b42/go.mod h1:h1NjWce9XRLGQEsW7wpKNCjG9DtNlClVuFLEZdDNbEs=
golang.org/x/sys v0.0.0-20200223170610-d5e6a3e2c0ae/go.mod h1:h1NjWce9XRLGQEsW7wpKNCjG9DtNlClVuFLEZdDNbEs=
golang.org/x/sys v0.0.0-20200923182605-d9f96fdee20d/go.mod h1:h1NjWce9XRLGQEsW7wpKNCjG9DtNlClVuFLEZdDNbEs=
golang.org/x/sys v0.0.0-20210630005230-0f9fa26af87c/go.mod h1:oPkhp1MJrh7nUepCBck5+mAzfO9JrbApNNgaTdGDITg=
golang.org/x/sys v0.0.0-20220811171246-fbc7d0a398ab/go.mod h1:oPkhp1MJrh7nUepCBck5+mAzfO9JrbApNNgaTdGDITg=
golang.org/x/sys v0.3.0 h1:w8ZOecv6NaNa/zC8944JTU3vz4u6Lagfk4RPQxv92NQ=
golang.org/x/sys v0.3.0/go.mod h1:oPkhp1MJrh7nUepCBck5+mAzfO9JrbApNNgaTdGDITg=
