github.com/DanielRenne/GoCore/core/extensions v0.0.0-20230512224548-5dab4387b99a h1:zvcHsqjuOsyDsHWgCSbe5VEMBOLkNmtPQv2wPDP2i8Y=
github.com/DanielRenne/GoCore/core/extensions v0.0.0-20230512224548-5dab4387b99a/go.mod h1:KC6J3IX9FKk4+tYJGmZRAslBdpws22xf9PI5gTWYYFU=
github.com/DanielRenne/GoCore/core/path v0.0.0-20230702111012-e8adc1b35e5a h1:Mt4po1sYpcFDu3lqKUkRBYILRAfOL6F00GrEcFxuZgA=
github.com/DanielRenne/GoCore/core/path v0.0.0-20230702111012-e8adc1b35e5a/go.mod h1:/xvJ8xSQDvZ7UuUymCjIwKlJwvWmpjz9IvkmY3RPvCk=
github.com/DanielRenne/GoCore/core/serverSettings v0.0.0-20230512224548-5dab4387b99a h1:B5ft91xzL1ifnzAC/vKqXSSc3EBPi3X5jrXkQeoKTt4=
github.com/DanielRenne/GoCore/core/serverSettings v0.0.0-20230512224548-5dab4387b99a/go.mod h1:EgEn07rpoZ4hH7AI3NJf2x6bwfvkkW6rSR1shfMScj4=
github.com/DanielRenne/GoCore/core/utils v0.0.0-20230512224548-5dab4387b99a h1:jMWFLOOBibmIIr1zdL+r/jg38YbXPRFhjPMOcicQV5s=
github.com/DanielRenne/GoCore/core/utils v0.0.0-20230512224548-5dab4387b99a/go.mod h1:wdfh2nZuYWldteaNKj24gDIKOpu9UAv4C2seiKxcHkY=
github.com/forPelevin/gomoji v1.1.8 h1:JElzDdt0TyiUlecy6PfITDL6eGvIaxqYH1V52zrd0qQ=
github.com/forPelevin/gomoji v1.1.8/go.mod h1:8+Z3KNGkdslmeGZBC3tCrwMrcPy5GRzAD+gL9NAwMXg=
github.com/rivo/uniseg v0.4.4 h1:8TfxU8dW6PdqD27gjM8MVNuicgxIjxpm4K7x4jp8sis=
github.com/rivo/uniseg v0.4.4/go.mod h1:FN3SvrM+Zdj16jyLfmOkMNblXMcoc8DfTHruCPUcx88=
