github.com/DanielRenne/GoCore/core/extensions v0.0.0-20221231161458-fe3d9327bf49 h1:B4V1nxQMnCAUK6i+Ysqpk+YXqhUyINhaLHaVZm3COFc=
github.com/DanielRenne/GoCore/core/extensions v0.0.0-20221231161458-fe3d9327bf49/go.mod h1:6gaxFzpuy3c3l/q0gRWar1ry0ZSbopm7clbGYLCjkGU=
github.com/DanielRenne/GoCore/core/path v0.0.0-20221214095338-6f1e84aaa301 h1:qk3/0jZv0GNNVyewUkKqaJ7jJEQRTeiebxKCZQCjbkk=
github.com/DanielRenne/GoCore/core/path v0.0.0-20221214095338-6f1e84aaa301/go.mod h1:/xvJ8xSQDvZ7UuUymCjIwKlJwvWmpjz9IvkmY3RPvCk=
github.com/DanielRenne/GoCore/core/serverSettings v0.0.0-20221214095338-6f1e84aaa301 h1:wToiFt0MYpibNrAFEGaB+d/n3rYqgN5LJeABoL8UGBY=
github.com/DanielRenne/GoCore/core/serverSettings v0.0.0-20221214095338-6f1e84aaa301/go.mod h1:E0Uluma2CWghujvENaTBgYSQKSSmwuanm4H7UhXZOPc=
github.com/DanielRenne/GoCore/core/utils v0.0.0-20221223202811-e70a420aa251 h1:T1wdl4ZZ7ysXEcKqVYVIqaiVsuVPsD7rpz3XxASJtkY=
github.com/DanielRenne/GoCore/core/utils v0.0.0-20221223202811-e70a420aa251/go.mod h1:U46JHaP30W0gEvTwBzewB7wTao69oEqm2g45/qpKsMI=
github.com/forPelevin/gomoji v1.1.8 h1:JElzDdt0TyiUlecy6PfITDL6eGvIaxqYH1V52zrd0qQ=
github.com/forPelevin/gomoji v1.1.8/go.mod h1:8+Z3KNGkdslmeGZBC3tCrwMrcPy5GRzAD+gL9NAwMXg=
github.com/rivo/uniseg v0.4.3 h1:utMvzDsuh3suAEnhH0RdHmoPbU648o6CvXxTx4SBMOw=
github.com/rivo/uniseg v0.4.3/go.mod h1:FN3SvrM+Zdj16jyLfmOkMNblXMcoc8DfTHruCPUcx88=
