github.com/DanielRenne/GoCore/core/extensions v0.0.0-20221223210029-bca2197988c2 h1:1NBUPn5U7gVS16s/G9HCs0wNHlMdJwCY+VK7I0G1wPs=
github.com/DanielRenne/GoCore/core/extensions v0.0.0-20221223210029-bca2197988c2/go.mod h1:6gaxFzpuy3c3l/q0gRWar1ry0ZSbopm7clbGYLCjkGU=
github.com/DanielRenne/GoCore/core/path v0.0.0-20221223210029-bca2197988c2 h1:P8YEHxKnMLBbif5yjff/inUn0YV7a8yBN+1I43+o2Oo=
github.com/DanielRenne/GoCore/core/path v0.0.0-20221223210029-bca2197988c2/go.mod h1:/xvJ8xSQDvZ7UuUymCjIwKlJwvWmpjz9IvkmY3RPvCk=
github.com/DanielRenne/GoCore/core/serverSettings v0.0.0-20221223210029-bca2197988c2 h1:arX1qhhvJYKctpJcDBhG6E3igKvkTKZrIdzFddleNI0=
github.com/DanielRenne/GoCore/core/serverSettings v0.0.0-20221223210029-bca2197988c2/go.mod h1:GiiDAyqnHVmI3IORQRekuglabOTVaU+15DmNhBHpDRA=
github.com/DanielRenne/GoCore/core/utils v0.0.0-20221224110536-f3cb2b1de330 h1:v+VnwUBxLgrlJj1kmSa8j7dS7nmS/YHK2pDlxzMdV6Q=
github.com/DanielRenne/GoCore/core/utils v0.0.0-20221224110536-f3cb2b1de330/go.mod h1:JjgFaaV5AqOq41gnJGwEwqxLyBXsjrfgZVYF/TsCwOM=
github.com/forPelevin/gomoji v1.1.8 h1:JElzDdt0TyiUlecy6PfITDL6eGvIaxqYH1V52zrd0qQ=
github.com/forPelevin/gomoji v1.1.8/go.mod h1:8+Z3KNGkdslmeGZBC3tCrwMrcPy5GRzAD+gL9NAwMXg=
github.com/golang/groupcache v0.0.0-20210331224755-41bb18bfe9da h1:oI5xCqsCo564l8iNU+DwB5epxmsaqB+rhGL0m5jtYqE=
github.com/golang/groupcache v0.0.0-20210331224755-41bb18bfe9da/go.mod h1:cIg4eruTrX1D+g88fzRXU5OdNfaM+9IcxsU14FzY7Hc=
github.com/golang/protobuf v1.5.0/go.mod h1:FsONVRAS9T7sI+LIUmWTfcYkHO4aIWwzhcaSAoJOfIk=
github.com/golang/protobuf v1.5.2 h1:ROPKBNFfQgOUMifHyP+KYbvpjbdoFNs+aK7DXlji0Tw=
github.com/golang/protobuf v1.5.2/go.mod h1:XVQd3VNwM+JqD3oG2Ue2ip4fOMUkwXdXDdiuN0vRsmY=
github.com/google/go-cmp v0.5.5 h1:Khx7svrCpmxxtHBq5j2mp/xVjsi8hQMfNLvJFAlrGgU=
github.com/google/go-cmp v0.5.5/go.mod h1:v8dTdLbMG2kIc/vJvl+f65V22dbkXbowE6jgT/gNBxE=
github.com/rivo/uniseg v0.4.3 h1:utMvzDsuh3suAEnhH0RdHmoPbU648o6CvXxTx4SBMOw=
github.com/rivo/uniseg v0.4.3/go.mod h1:FN3SvrM+Zdj16jyLfmOkMNblXMcoc8DfTHruCPUcx88=
golang.org/x/xerrors v0.0.0-20191204190536-9bdfabe68543 h1:E7g+9GITq07hpfrRu66IVDexMakfv52eLZ2CXBWiKr4=
golang.org/x/xerrors v0.0.0-20191204190536-9bdfabe68543/go.mod h1:I/5z698sn9Ka8TeJc9MKroUUfqBBauWjQqLJ2OPfmY0=
google.golang.org/protobuf v1.26.0-rc.1/go.mod h1:jlhhOSvTdKEhbULTjvd4ARK9grFBp09yW+WbY/TyQbw=
google.golang.org/protobuf v1.26.0/go.mod h1:9q0QmTI4eRPtz6boOQmLYwt+qCgq0jsYwAQnmE0givc=
google.golang.org/protobuf v1.28.1 h1:d0NfwRgPtno5B1Wa6L2DAG+KivqkdutMf1UhdNx175w=
google.golang.org/protobuf v1.28.1/go.mod h1:HV8QOd/L58Z+nl8r43ehVNZIU/HEI6OcFqwMG9pJV4I=
